// !$*UTF8*$!
{
	archiveVersion = 1;
	classes = {
	};
	objectVersion = 47;
	objects = {

/* Begin PBXBuildFile section */
		1A2CF2481D175673000B7F07 /* Cormorant.framework in Frameworks */ = {isa = PBXBuildFile; fileRef = 1A2CF2471D175673000B7F07 /* Cormorant.framework */; };
		1AD9DE8B1D175A170086E4D8 /* commands.swift in Sources */ = {isa = PBXBuildFile; fileRef = 1AD9DE831D175A170086E4D8 /* commands.swift */; };
		1AD9DE8C1D175A170086E4D8 /* CormorantREPL.h in Headers */ = {isa = PBXBuildFile; fileRef = 1AD9DE841D175A170086E4D8 /* CormorantREPL.h */; settings = {ATTRIBUTES = (Public, ); }; };
		1AD9DE8D1D175A170086E4D8 /* LineReader.h in Headers */ = {isa = PBXBuildFile; fileRef = 1AD9DE861D175A170086E4D8 /* LineReader.h */; settings = {ATTRIBUTES = (Public, ); }; };
		1AD9DE8E1D175A170086E4D8 /* LineReader.m in Sources */ = {isa = PBXBuildFile; fileRef = 1AD9DE871D175A170086E4D8 /* LineReader.m */; };
		1AD9DE8F1D175A170086E4D8 /* logging.swift in Sources */ = {isa = PBXBuildFile; fileRef = 1AD9DE881D175A170086E4D8 /* logging.swift */; };
		1AD9DE901D175A170086E4D8 /* repl.swift in Sources */ = {isa = PBXBuildFile; fileRef = 1AD9DE891D175A170086E4D8 /* repl.swift */; };
		1AD9DE911D175A170086E4D8 /* system.swift in Sources */ = {isa = PBXBuildFile; fileRef = 1AD9DE8A1D175A170086E4D8 /* system.swift */; };
		1AD9DE951D175B560086E4D8 /* CormorantREPLTests.swift in Sources */ = {isa = PBXBuildFile; fileRef = 1AD9DE921D175A360086E4D8 /* CormorantREPLTests.swift */; };
		1ADD0C4C1AD3C69700419F94 /* CormorantREPL.framework in Frameworks */ = {isa = PBXBuildFile; fileRef = 1ADD0C401AD3C69700419F94 /* CormorantREPL.framework */; };
		1ADD0C6D1AD3C71800419F94 /* libedit.3.0.dylib in Frameworks */ = {isa = PBXBuildFile; fileRef = 1ADD0C6C1AD3C71800419F94 /* libedit.3.0.dylib */; };
/* End PBXBuildFile section */

/* Begin PBXContainerItemProxy section */
		1ADD0C4D1AD3C69700419F94 /* PBXContainerItemProxy */ = {
			isa = PBXContainerItemProxy;
			containerPortal = 1ADD0C371AD3C69700419F94 /* Project object */;
			proxyType = 1;
			remoteGlobalIDString = 1ADD0C3F1AD3C69700419F94;
			remoteInfo = LambdatronREPL;
		};
/* End PBXContainerItemProxy section */

/* Begin PBXFileReference section */
		1A2CF2471D175673000B7F07 /* Cormorant.framework */ = {isa = PBXFileReference; lastKnownFileType = wrapper.framework; name = Cormorant.framework; path = ../Build/Products/Debug/Cormorant.framework; sourceTree = "<group>"; };
		1AD9DE831D175A170086E4D8 /* commands.swift */ = {isa = PBXFileReference; fileEncoding = 4; lastKnownFileType = sourcecode.swift; name = commands.swift; path = CormorantREPL/commands.swift; sourceTree = SOURCE_ROOT; };
		1AD9DE841D175A170086E4D8 /* CormorantREPL.h */ = {isa = PBXFileReference; fileEncoding = 4; lastKnownFileType = sourcecode.c.h; name = CormorantREPL.h; path = CormorantREPL/CormorantREPL.h; sourceTree = SOURCE_ROOT; };
		1AD9DE851D175A170086E4D8 /* Info.plist */ = {isa = PBXFileReference; fileEncoding = 4; lastKnownFileType = text.plist.xml; name = Info.plist; path = CormorantREPL/Info.plist; sourceTree = SOURCE_ROOT; };
		1AD9DE861D175A170086E4D8 /* LineReader.h */ = {isa = PBXFileReference; fileEncoding = 4; lastKnownFileType = sourcecode.c.h; name = LineReader.h; path = CormorantREPL/LineReader.h; sourceTree = SOURCE_ROOT; };
		1AD9DE871D175A170086E4D8 /* LineReader.m */ = {isa = PBXFileReference; fileEncoding = 4; lastKnownFileType = sourcecode.c.objc; name = LineReader.m; path = CormorantREPL/LineReader.m; sourceTree = SOURCE_ROOT; };
		1AD9DE881D175A170086E4D8 /* logging.swift */ = {isa = PBXFileReference; fileEncoding = 4; lastKnownFileType = sourcecode.swift; name = logging.swift; path = CormorantREPL/logging.swift; sourceTree = SOURCE_ROOT; };
		1AD9DE891D175A170086E4D8 /* repl.swift */ = {isa = PBXFileReference; fileEncoding = 4; lastKnownFileType = sourcecode.swift; name = repl.swift; path = CormorantREPL/repl.swift; sourceTree = SOURCE_ROOT; };
		1AD9DE8A1D175A170086E4D8 /* system.swift */ = {isa = PBXFileReference; fileEncoding = 4; lastKnownFileType = sourcecode.swift; name = system.swift; path = CormorantREPL/system.swift; sourceTree = SOURCE_ROOT; };
		1AD9DE921D175A360086E4D8 /* CormorantREPLTests.swift */ = {isa = PBXFileReference; fileEncoding = 4; lastKnownFileType = sourcecode.swift; name = CormorantREPLTests.swift; path = CormorantREPLTests/CormorantREPLTests.swift; sourceTree = SOURCE_ROOT; };
		1AD9DE931D175A360086E4D8 /* Info.plist */ = {isa = PBXFileReference; fileEncoding = 4; lastKnownFileType = text.plist.xml; name = Info.plist; path = CormorantREPLTests/Info.plist; sourceTree = SOURCE_ROOT; };
		1ADD0C401AD3C69700419F94 /* CormorantREPL.framework */ = {isa = PBXFileReference; explicitFileType = wrapper.framework; includeInIndex = 0; path = CormorantREPL.framework; sourceTree = BUILT_PRODUCTS_DIR; };
		1ADD0C4B1AD3C69700419F94 /* CormorantREPLTests.xctest */ = {isa = PBXFileReference; explicitFileType = wrapper.cfbundle; includeInIndex = 0; path = CormorantREPLTests.xctest; sourceTree = BUILT_PRODUCTS_DIR; };
		1ADD0C6C1AD3C71800419F94 /* libedit.3.0.dylib */ = {isa = PBXFileReference; lastKnownFileType = "compiled.mach-o.dylib"; name = libedit.3.0.dylib; path = usr/lib/libedit.3.0.dylib; sourceTree = SDKROOT; };
/* End PBXFileReference section */

/* Begin PBXFrameworksBuildPhase section */
		1ADD0C3C1AD3C69700419F94 /* Frameworks */ = {
			isa = PBXFrameworksBuildPhase;
			buildActionMask = 2147483647;
			files = (
				1A2CF2481D175673000B7F07 /* Cormorant.framework in Frameworks */,
				1ADD0C6D1AD3C71800419F94 /* libedit.3.0.dylib in Frameworks */,
			);
			runOnlyForDeploymentPostprocessing = 0;
		};
		1ADD0C481AD3C69700419F94 /* Frameworks */ = {
			isa = PBXFrameworksBuildPhase;
			buildActionMask = 2147483647;
			files = (
				1ADD0C4C1AD3C69700419F94 /* CormorantREPL.framework in Frameworks */,
			);
			runOnlyForDeploymentPostprocessing = 0;
		};
/* End PBXFrameworksBuildPhase section */

/* Begin PBXGroup section */
		1A2CF2461D175673000B7F07 /* Frameworks */ = {
			isa = PBXGroup;
			children = (
				1A2CF2471D175673000B7F07 /* Cormorant.framework */,
			);
			name = Frameworks;
			sourceTree = "<group>";
		};
		1ADD0C361AD3C69700419F94 = {
			isa = PBXGroup;
			children = (
				1ADD0C6C1AD3C71800419F94 /* libedit.3.0.dylib */,
				1ADD0C421AD3C69700419F94 /* CormorantREPL */,
				1ADD0C4F1AD3C69700419F94 /* CormorantREPLTests */,
				1ADD0C411AD3C69700419F94 /* Products */,
				1A2CF2461D175673000B7F07 /* Frameworks */,
			);
			sourceTree = "<group>";
		};
		1ADD0C411AD3C69700419F94 /* Products */ = {
			isa = PBXGroup;
			children = (
				1ADD0C401AD3C69700419F94 /* CormorantREPL.framework */,
				1ADD0C4B1AD3C69700419F94 /* CormorantREPLTests.xctest */,
			);
			name = Products;
			sourceTree = "<group>";
		};
		1ADD0C421AD3C69700419F94 /* CormorantREPL */ = {
			isa = PBXGroup;
			children = (
				1AD9DE831D175A170086E4D8 /* commands.swift */,
				1AD9DE881D175A170086E4D8 /* logging.swift */,
				1AD9DE891D175A170086E4D8 /* repl.swift */,
				1AD9DE8A1D175A170086E4D8 /* system.swift */,
				1AD9DE841D175A170086E4D8 /* CormorantREPL.h */,
				1AD9DE861D175A170086E4D8 /* LineReader.h */,
				1AD9DE871D175A170086E4D8 /* LineReader.m */,
				1ADD0C431AD3C69700419F94 /* Supporting Files */,
			);
			name = CormorantREPL;
			path = LambdatronREPL;
			sourceTree = "<group>";
		};
		1ADD0C431AD3C69700419F94 /* Supporting Files */ = {
			isa = PBXGroup;
			children = (
				1AD9DE851D175A170086E4D8 /* Info.plist */,
			);
			name = "Supporting Files";
			sourceTree = "<group>";
		};
		1ADD0C4F1AD3C69700419F94 /* CormorantREPLTests */ = {
			isa = PBXGroup;
			children = (
				1AD9DE921D175A360086E4D8 /* CormorantREPLTests.swift */,
				1ADD0C501AD3C69700419F94 /* Supporting Files */,
			);
			name = CormorantREPLTests;
			path = LambdatronREPLTests;
			sourceTree = "<group>";
		};
		1ADD0C501AD3C69700419F94 /* Supporting Files */ = {
			isa = PBXGroup;
			children = (
				1AD9DE931D175A360086E4D8 /* Info.plist */,
			);
			name = "Supporting Files";
			sourceTree = "<group>";
		};
/* End PBXGroup section */

/* Begin PBXHeadersBuildPhase section */
		1ADD0C3D1AD3C69700419F94 /* Headers */ = {
			isa = PBXHeadersBuildPhase;
			buildActionMask = 2147483647;
			files = (
				1AD9DE8C1D175A170086E4D8 /* CormorantREPL.h in Headers */,
				1AD9DE8D1D175A170086E4D8 /* LineReader.h in Headers */,
			);
			runOnlyForDeploymentPostprocessing = 0;
		};
/* End PBXHeadersBuildPhase section */

/* Begin PBXNativeTarget section */
		1ADD0C3F1AD3C69700419F94 /* CormorantREPL */ = {
			isa = PBXNativeTarget;
			buildConfigurationList = 1ADD0C561AD3C69700419F94 /* Build configuration list for PBXNativeTarget "CormorantREPL" */;
			buildPhases = (
				1ADD0C3B1AD3C69700419F94 /* Sources */,
				1ADD0C3C1AD3C69700419F94 /* Frameworks */,
				1ADD0C3D1AD3C69700419F94 /* Headers */,
			);
			buildRules = (
			);
			dependencies = (
			);
			name = CormorantREPL;
			productName = LambdatronREPL;
			productReference = 1ADD0C401AD3C69700419F94 /* CormorantREPL.framework */;
			productType = "com.apple.product-type.framework";
		};
		1ADD0C4A1AD3C69700419F94 /* CormorantREPLTests */ = {
			isa = PBXNativeTarget;
			buildConfigurationList = 1ADD0C591AD3C69700419F94 /* Build configuration list for PBXNativeTarget "CormorantREPLTests" */;
			buildPhases = (
				1ADD0C471AD3C69700419F94 /* Sources */,
				1ADD0C481AD3C69700419F94 /* Frameworks */,
				1ADD0C491AD3C69700419F94 /* Resources */,
			);
			buildRules = (
			);
			dependencies = (
				1ADD0C4E1AD3C69700419F94 /* PBXTargetDependency */,
			);
			name = CormorantREPLTests;
			productName = LambdatronREPLTests;
			productReference = 1ADD0C4B1AD3C69700419F94 /* CormorantREPLTests.xctest */;
			productType = "com.apple.product-type.bundle.unit-test";
		};
/* End PBXNativeTarget section */

/* Begin PBXProject section */
		1ADD0C371AD3C69700419F94 /* Project object */ = {
			isa = PBXProject;
			attributes = {
				LastSwiftUpdateCheck = 0700;
				LastUpgradeCheck = 0800;
				ORGANIZATIONNAME = "Austin Zheng";
				TargetAttributes = {
					1ADD0C3F1AD3C69700419F94 = {
						CreatedOnToolsVersion = 6.3;
					};
					1ADD0C4A1AD3C69700419F94 = {
						CreatedOnToolsVersion = 6.3;
					};
				};
			};
			buildConfigurationList = 1ADD0C3A1AD3C69700419F94 /* Build configuration list for PBXProject "CormorantREPL" */;
			compatibilityVersion = "Xcode 6.3";
			developmentRegion = English;
			hasScannedForEncodings = 0;
			knownRegions = (
				en,
			);
			mainGroup = 1ADD0C361AD3C69700419F94;
			productRefGroup = 1ADD0C411AD3C69700419F94 /* Products */;
			projectDirPath = "";
			projectRoot = "";
			targets = (
				1ADD0C3F1AD3C69700419F94 /* CormorantREPL */,
				1ADD0C4A1AD3C69700419F94 /* CormorantREPLTests */,
			);
		};
/* End PBXProject section */

/* Begin PBXResourcesBuildPhase section */
		1ADD0C491AD3C69700419F94 /* Resources */ = {
			isa = PBXResourcesBuildPhase;
			buildActionMask = 2147483647;
			files = (
			);
			runOnlyForDeploymentPostprocessing = 0;
		};
/* End PBXResourcesBuildPhase section */

/* Begin PBXSourcesBuildPhase section */
		1ADD0C3B1AD3C69700419F94 /* Sources */ = {
			isa = PBXSourcesBuildPhase;
			buildActionMask = 2147483647;
			files = (
				1AD9DE901D175A170086E4D8 /* repl.swift in Sources */,
				1AD9DE8B1D175A170086E4D8 /* commands.swift in Sources */,
				1AD9DE911D175A170086E4D8 /* system.swift in Sources */,
				1AD9DE8E1D175A170086E4D8 /* LineReader.m in Sources */,
				1AD9DE8F1D175A170086E4D8 /* logging.swift in Sources */,
			);
			runOnlyForDeploymentPostprocessing = 0;
		};
		1ADD0C471AD3C69700419F94 /* Sources */ = {
			isa = PBXSourcesBuildPhase;
			buildActionMask = 2147483647;
			files = (
				1AD9DE951D175B560086E4D8 /* CormorantREPLTests.swift in Sources */,
			);
			runOnlyForDeploymentPostprocessing = 0;
		};
/* End PBXSourcesBuildPhase section */

/* Begin PBXTargetDependency section */
		1ADD0C4E1AD3C69700419F94 /* PBXTargetDependency */ = {
			isa = PBXTargetDependency;
			target = 1ADD0C3F1AD3C69700419F94 /* CormorantREPL */;
			targetProxy = 1ADD0C4D1AD3C69700419F94 /* PBXContainerItemProxy */;
		};
/* End PBXTargetDependency section */

/* Begin XCBuildConfiguration section */
		1ADD0C541AD3C69700419F94 /* Debug */ = {
			isa = XCBuildConfiguration;
			buildSettings = {
				ALWAYS_SEARCH_USER_PATHS = NO;
				CLANG_CXX_LANGUAGE_STANDARD = "gnu++0x";
				CLANG_CXX_LIBRARY = "libc++";
				CLANG_ENABLE_MODULES = YES;
				CLANG_ENABLE_OBJC_ARC = YES;
				CLANG_WARN_BOOL_CONVERSION = YES;
				CLANG_WARN_CONSTANT_CONVERSION = YES;
				CLANG_WARN_DIRECT_OBJC_ISA_USAGE = YES_ERROR;
				CLANG_WARN_EMPTY_BODY = YES;
				CLANG_WARN_ENUM_CONVERSION = YES;
				CLANG_WARN_INT_CONVERSION = YES;
				CLANG_WARN_OBJC_ROOT_CLASS = YES_ERROR;
				CLANG_WARN_UNREACHABLE_CODE = YES;
				CLANG_WARN__DUPLICATE_METHOD_MATCH = YES;
				COPY_PHASE_STRIP = NO;
				CURRENT_PROJECT_VERSION = 1;
				DEBUG_INFORMATION_FORMAT = dwarf;
				ENABLE_STRICT_OBJC_MSGSEND = YES;
				ENABLE_TESTABILITY = YES;
				GCC_C_LANGUAGE_STANDARD = gnu99;
				GCC_DYNAMIC_NO_PIC = NO;
				GCC_NO_COMMON_BLOCKS = YES;
				GCC_OPTIMIZATION_LEVEL = 0;
				GCC_PREPROCESSOR_DEFINITIONS = (
					"DEBUG=1",
					"$(inherited)",
				);
				GCC_SYMBOLS_PRIVATE_EXTERN = NO;
				GCC_WARN_64_TO_32_BIT_CONVERSION = YES;
				GCC_WARN_ABOUT_RETURN_TYPE = YES_ERROR;
				GCC_WARN_UNDECLARED_SELECTOR = YES;
				GCC_WARN_UNINITIALIZED_AUTOS = YES_AGGRESSIVE;
				GCC_WARN_UNUSED_FUNCTION = YES;
				GCC_WARN_UNUSED_VARIABLE = YES;
				MACOSX_DEPLOYMENT_TARGET = 10.10;
				MTL_ENABLE_DEBUG_INFO = YES;
				ONLY_ACTIVE_ARCH = YES;
				SDKROOT = macosx;
				SWIFT_OPTIMIZATION_LEVEL = "-Onone";
				VERSIONING_SYSTEM = "apple-generic";
				VERSION_INFO_PREFIX = "";
			};
			name = Debug;
		};
		1ADD0C551AD3C69700419F94 /* Release */ = {
			isa = XCBuildConfiguration;
			buildSettings = {
				ALWAYS_SEARCH_USER_PATHS = NO;
				CLANG_CXX_LANGUAGE_STANDARD = "gnu++0x";
				CLANG_CXX_LIBRARY = "libc++";
				CLANG_ENABLE_MODULES = YES;
				CLANG_ENABLE_OBJC_ARC = YES;
				CLANG_WARN_BOOL_CONVERSION = YES;
				CLANG_WARN_CONSTANT_CONVERSION = YES;
				CLANG_WARN_DIRECT_OBJC_ISA_USAGE = YES_ERROR;
				CLANG_WARN_EMPTY_BODY = YES;
				CLANG_WARN_ENUM_CONVERSION = YES;
				CLANG_WARN_INT_CONVERSION = YES;
				CLANG_WARN_OBJC_ROOT_CLASS = YES_ERROR;
				CLANG_WARN_UNREACHABLE_CODE = YES;
				CLANG_WARN__DUPLICATE_METHOD_MATCH = YES;
				COPY_PHASE_STRIP = NO;
				CURRENT_PROJECT_VERSION = 1;
				DEBUG_INFORMATION_FORMAT = "dwarf-with-dsym";
				ENABLE_NS_ASSERTIONS = NO;
				ENABLE_STRICT_OBJC_MSGSEND = YES;
				GCC_C_LANGUAGE_STANDARD = gnu99;
				GCC_NO_COMMON_BLOCKS = YES;
				GCC_WARN_64_TO_32_BIT_CONVERSION = YES;
				GCC_WARN_ABOUT_RETURN_TYPE = YES_ERROR;
				GCC_WARN_UNDECLARED_SELECTOR = YES;
				GCC_WARN_UNINITIALIZED_AUTOS = YES_AGGRESSIVE;
				GCC_WARN_UNUSED_FUNCTION = YES;
				GCC_WARN_UNUSED_VARIABLE = YES;
				MACOSX_DEPLOYMENT_TARGET = 10.10;
				MTL_ENABLE_DEBUG_INFO = NO;
				SDKROOT = macosx;
				VERSIONING_SYSTEM = "apple-generic";
				VERSION_INFO_PREFIX = "";
			};
			name = Release;
		};
		1ADD0C571AD3C69700419F94 /* Debug */ = {
			isa = XCBuildConfiguration;
			buildSettings = {
				COMBINE_HIDPI_IMAGES = YES;
				DEFINES_MODULE = YES;
				DYLIB_COMPATIBILITY_VERSION = 1;
				DYLIB_CURRENT_VERSION = 1;
				DYLIB_INSTALL_NAME_BASE = "@rpath";
				FRAMEWORK_SEARCH_PATHS = "$(inherited)";
				FRAMEWORK_VERSION = A;
				INFOPLIST_FILE = CormorantREPL/Info.plist;
				INSTALL_PATH = "$(LOCAL_LIBRARY_DIR)/Frameworks";
				LD_RUNPATH_SEARCH_PATHS = "$(inherited) @executable_path/../Frameworks @loader_path/Frameworks";
				MACOSX_DEPLOYMENT_TARGET = 10.9;
				PRODUCT_BUNDLE_IDENTIFIER = "com.f3nghuang.$(PRODUCT_NAME:rfc1034identifier)";
				PRODUCT_NAME = "$(TARGET_NAME)";
				SKIP_INSTALL = YES;
				SWIFT_OBJC_BRIDGING_HEADER = "";
				SWIFT_OBJC_INTERFACE_HEADER_NAME = "$(SWIFT_MODULE_NAME)-Swift.h";
				SWIFT_OPTIMIZATION_LEVEL = "-Owholemodule";
			};
			name = Debug;
		};
		1ADD0C581AD3C69700419F94 /* Release */ = {
			isa = XCBuildConfiguration;
			buildSettings = {
				COMBINE_HIDPI_IMAGES = YES;
				DEFINES_MODULE = YES;
				DYLIB_COMPATIBILITY_VERSION = 1;
				DYLIB_CURRENT_VERSION = 1;
				DYLIB_INSTALL_NAME_BASE = "@rpath";
				FRAMEWORK_SEARCH_PATHS = "$(inherited)";
				FRAMEWORK_VERSION = A;
				GCC_OPTIMIZATION_LEVEL = fast;
				INFOPLIST_FILE = CormorantREPL/Info.plist;
				INSTALL_PATH = "$(LOCAL_LIBRARY_DIR)/Frameworks";
				LD_RUNPATH_SEARCH_PATHS = "$(inherited) @executable_path/../Frameworks @loader_path/Frameworks";
				MACOSX_DEPLOYMENT_TARGET = 10.9;
				PRODUCT_BUNDLE_IDENTIFIER = "com.f3nghuang.$(PRODUCT_NAME:rfc1034identifier)";
				PRODUCT_NAME = "$(TARGET_NAME)";
				SKIP_INSTALL = YES;
				SWIFT_OBJC_BRIDGING_HEADER = "";
				SWIFT_OBJC_INTERFACE_HEADER_NAME = "$(SWIFT_MODULE_NAME)-Swift.h";
				SWIFT_OPTIMIZATION_LEVEL = "-Owholemodule";
			};
			name = Release;
		};
		1ADD0C5A1AD3C69700419F94 /* Debug */ = {
			isa = XCBuildConfiguration;
			buildSettings = {
				COMBINE_HIDPI_IMAGES = YES;
				FRAMEWORK_SEARCH_PATHS = (
					"$(DEVELOPER_FRAMEWORKS_DIR)",
					"$(inherited)",
				);
				GCC_PREPROCESSOR_DEFINITIONS = (
					"DEBUG=1",
					"$(inherited)",
				);
				INFOPLIST_FILE = CormorantREPLTests/Info.plist;
				LD_RUNPATH_SEARCH_PATHS = "$(inherited) @executable_path/../Frameworks @loader_path/../Frameworks";
				PRODUCT_BUNDLE_IDENTIFIER = "com.f3nghuang.$(PRODUCT_NAME:rfc1034identifier)";
				PRODUCT_NAME = "$(TARGET_NAME)";
			};
			name = Debug;
		};
		1ADD0C5B1AD3C69700419F94 /* Release */ = {
			isa = XCBuildConfiguration;
			buildSettings = {
				COMBINE_HIDPI_IMAGES = YES;
				FRAMEWORK_SEARCH_PATHS = (
					"$(DEVELOPER_FRAMEWORKS_DIR)",
					"$(inherited)",
				);
				INFOPLIST_FILE = CormorantREPLTests/Info.plist;
				LD_RUNPATH_SEARCH_PATHS = "$(inherited) @executable_path/../Frameworks @loader_path/../Frameworks";
				PRODUCT_BUNDLE_IDENTIFIER = "com.f3nghuang.$(PRODUCT_NAME:rfc1034identifier)";
				PRODUCT_NAME = "$(TARGET_NAME)";
				SWIFT_OPTIMIZATION_LEVEL = "-Owholemodule";
			};
			name = Release;
		};
/* End XCBuildConfiguration section */

/* Begin XCConfigurationList section */
		1ADD0C3A1AD3C69700419F94 /* Build configuration list for PBXProject "CormorantREPL" */ = {
			isa = XCConfigurationList;
			buildConfigurations = (
				1ADD0C541AD3C69700419F94 /* Debug */,
				1ADD0C551AD3C69700419F94 /* Release */,
			);
			defaultConfigurationIsVisible = 0;
			defaultConfigurationName = Release;
		};
		1ADD0C561AD3C69700419F94 /* Build configuration list for PBXNativeTarget "CormorantREPL" */ = {
			isa = XCConfigurationList;
			buildConfigurations = (
				1ADD0C571AD3C69700419F94 /* Debug */,
				1ADD0C581AD3C69700419F94 /* Release */,
			);
			defaultConfigurationIsVisible = 0;
			defaultConfigurationName = Release;
		};
		1ADD0C591AD3C69700419F94 /* Build configuration list for PBXNativeTarget "CormorantREPLTests" */ = {
			isa = XCConfigurationList;
			buildConfigurations = (
				1ADD0C5A1AD3C69700419F94 /* Debug */,
				1ADD0C5B1AD3C69700419F94 /* Release */,
			);
			defaultConfigurationIsVisible = 0;
			defaultConfigurationName = Release;
		};
/* End XCConfigurationList section */
	};
	rootObject = 1ADD0C371AD3C69700419F94 /* Project object */;
}
