// !$*UTF8*$!
{
	archiveVersion = 1;
	classes = {
	};
	objectVersion = 47;
	objects = {

/* Begin PBXBuildFile section */
		1A14525D1B915EB8001F3F28 /* CormorantREPLRunner in Copy Files */ = {isa = PBXBuildFile; fileRef = 1ADD0C7B1AD3C8A300419F94 /* CormorantREPLRunner */; settings = {ATTRIBUTES = (CodeSignOnCopy, ); }; };
		1AD9DE9B1D175BA00086E4D8 /* main.m in Sources */ = {isa = PBXBuildFile; fileRef = 1AD9DE9A1D175BA00086E4D8 /* main.m */; };
		1AD9DEAA1D175D740086E4D8 /* Cormorant.framework in CopyFiles */ = {isa = PBXBuildFile; fileRef = 1AD9DEA61D175D5D0086E4D8 /* Cormorant.framework */; settings = {ATTRIBUTES = (CodeSignOnCopy, RemoveHeadersOnCopy, ); }; };
		1AD9DEAB1D175D740086E4D8 /* CormorantREPL.framework in CopyFiles */ = {isa = PBXBuildFile; fileRef = 1AD9DEA71D175D5D0086E4D8 /* CormorantREPL.framework */; settings = {ATTRIBUTES = (CodeSignOnCopy, RemoveHeadersOnCopy, ); }; };
		1AD9DEAC1D175D7F0086E4D8 /* Cormorant.framework in Frameworks */ = {isa = PBXBuildFile; fileRef = 1AD9DEA61D175D5D0086E4D8 /* Cormorant.framework */; };
		1AD9DEAD1D175D7F0086E4D8 /* CormorantREPL.framework in Frameworks */ = {isa = PBXBuildFile; fileRef = 1AD9DEA71D175D5D0086E4D8 /* CormorantREPL.framework */; };
/* End PBXBuildFile section */

/* Begin PBXContainerItemProxy section */
		1ADD0C901AD3C91D00419F94 /* PBXContainerItemProxy */ = {
			isa = PBXContainerItemProxy;
			containerPortal = 1ADD0C731AD3C8A300419F94 /* Project object */;
			proxyType = 1;
			remoteGlobalIDString = 1ADD0C7A1AD3C8A300419F94;
			remoteInfo = LambdatronREPLRunner;
		};
/* End PBXContainerItemProxy section */

/* Begin PBXCopyFilesBuildPhase section */
		1A14525E1B915EC6001F3F28 /* CopyFiles */ = {
			isa = PBXCopyFilesBuildPhase;
			buildActionMask = 2147483647;
			dstPath = "";
			dstSubfolderSpec = 10;
			files = (
				1AD9DEAA1D175D740086E4D8 /* Cormorant.framework in CopyFiles */,
				1AD9DEAB1D175D740086E4D8 /* CormorantREPL.framework in CopyFiles */,
			);
			runOnlyForDeploymentPostprocessing = 0;
		};
		1ADD0C921AD3C92300419F94 /* Copy Files */ = {
			isa = PBXCopyFilesBuildPhase;
			buildActionMask = 2147483647;
			dstPath = "";
			dstSubfolderSpec = 6;
			files = (
				1A14525D1B915EB8001F3F28 /* CormorantREPLRunner in Copy Files */,
			);
			name = "Copy Files";
			runOnlyForDeploymentPostprocessing = 0;
		};
/* End PBXCopyFilesBuildPhase section */

/* Begin PBXFileReference section */
		1AD9DE991D175B950086E4D8 /* Info.plist */ = {isa = PBXFileReference; fileEncoding = 4; lastKnownFileType = text.plist.xml; name = Info.plist; path = CormorantREPLRunnerBundle/Info.plist; sourceTree = SOURCE_ROOT; };
		1AD9DE9A1D175BA00086E4D8 /* main.m */ = {isa = PBXFileReference; fileEncoding = 4; lastKnownFileType = sourcecode.c.objc; name = main.m; path = CormorantREPLRunner/main.m; sourceTree = SOURCE_ROOT; };
		1AD9DEA61D175D5D0086E4D8 /* Cormorant.framework */ = {isa = PBXFileReference; lastKnownFileType = wrapper.framework; name = Cormorant.framework; path = ../Build/Products/Debug/Cormorant.framework; sourceTree = "<group>"; };
		1AD9DEA71D175D5D0086E4D8 /* CormorantREPL.framework */ = {isa = PBXFileReference; lastKnownFileType = wrapper.framework; name = CormorantREPL.framework; path = ../Build/Products/Debug/CormorantREPL.framework; sourceTree = "<group>"; };
		1ADD0C7B1AD3C8A300419F94 /* CormorantREPLRunner */ = {isa = PBXFileReference; explicitFileType = "compiled.mach-o.executable"; includeInIndex = 0; path = CormorantREPLRunner; sourceTree = BUILT_PRODUCTS_DIR; };
		1ADD0C891AD3C8F100419F94 /* CormorantREPLRunner.bundle */ = {isa = PBXFileReference; explicitFileType = wrapper.cfbundle; includeInIndex = 0; path = CormorantREPLRunner.bundle; sourceTree = BUILT_PRODUCTS_DIR; };
/* End PBXFileReference section */

/* Begin PBXFrameworksBuildPhase section */
		1ADD0C781AD3C8A300419F94 /* Frameworks */ = {
			isa = PBXFrameworksBuildPhase;
			buildActionMask = 2147483647;
			files = (
				1AD9DEAC1D175D7F0086E4D8 /* Cormorant.framework in Frameworks */,
				1AD9DEAD1D175D7F0086E4D8 /* CormorantREPL.framework in Frameworks */,
			);
			runOnlyForDeploymentPostprocessing = 0;
		};
		1ADD0C861AD3C8F100419F94 /* Frameworks */ = {
			isa = PBXFrameworksBuildPhase;
			buildActionMask = 2147483647;
			files = (
			);
			runOnlyForDeploymentPostprocessing = 0;
		};
/* End PBXFrameworksBuildPhase section */

/* Begin PBXGroup section */
		1AD9DE961D175B7D0086E4D8 /* Frameworks */ = {
			isa = PBXGroup;
			children = (
				1AD9DEA61D175D5D0086E4D8 /* Cormorant.framework */,
				1AD9DEA71D175D5D0086E4D8 /* CormorantREPL.framework */,
			);
			name = Frameworks;
			sourceTree = "<group>";
		};
		1ADD0C721AD3C8A300419F94 = {
			isa = PBXGroup;
			children = (
				1ADD0C7D1AD3C8A300419F94 /* CormorantREPLRunner */,
				1ADD0C8A1AD3C8F100419F94 /* CormorantREPLRunnerBundle */,
				1ADD0C7C1AD3C8A300419F94 /* Products */,
				1AD9DE961D175B7D0086E4D8 /* Frameworks */,
			);
			sourceTree = "<group>";
		};
		1ADD0C7C1AD3C8A300419F94 /* Products */ = {
			isa = PBXGroup;
			children = (
				1ADD0C7B1AD3C8A300419F94 /* CormorantREPLRunner */,
				1ADD0C891AD3C8F100419F94 /* CormorantREPLRunner.bundle */,
			);
			name = Products;
			sourceTree = "<group>";
		};
		1ADD0C7D1AD3C8A300419F94 /* CormorantREPLRunner */ = {
			isa = PBXGroup;
			children = (
				1AD9DE9A1D175BA00086E4D8 /* main.m */,
			);
			name = CormorantREPLRunner;
			path = LambdatronREPLRunner;
			sourceTree = "<group>";
		};
		1ADD0C8A1AD3C8F100419F94 /* CormorantREPLRunnerBundle */ = {
			isa = PBXGroup;
			children = (
				1ADD0C8B1AD3C8F100419F94 /* Supporting Files */,
			);
			name = CormorantREPLRunnerBundle;
			path = LambdatronREPLRunnerBundle;
			sourceTree = "<group>";
		};
		1ADD0C8B1AD3C8F100419F94 /* Supporting Files */ = {
			isa = PBXGroup;
			children = (
				1AD9DE991D175B950086E4D8 /* Info.plist */,
			);
			name = "Supporting Files";
			sourceTree = "<group>";
		};
/* End PBXGroup section */

/* Begin PBXNativeTarget section */
		1ADD0C7A1AD3C8A300419F94 /* CormorantREPLRunner */ = {
			isa = PBXNativeTarget;
			buildConfigurationList = 1ADD0C821AD3C8A300419F94 /* Build configuration list for PBXNativeTarget "CormorantREPLRunner" */;
			buildPhases = (
				1ADD0C771AD3C8A300419F94 /* Sources */,
				1ADD0C781AD3C8A300419F94 /* Frameworks */,
			);
			buildRules = (
			);
			dependencies = (
			);
			name = CormorantREPLRunner;
			productName = LambdatronREPLRunner;
			productReference = 1ADD0C7B1AD3C8A300419F94 /* CormorantREPLRunner */;
			productType = "com.apple.product-type.tool";
		};
		1ADD0C881AD3C8F100419F94 /* CormorantREPLRunnerBundle */ = {
			isa = PBXNativeTarget;
			buildConfigurationList = 1ADD0C8D1AD3C8F100419F94 /* Build configuration list for PBXNativeTarget "CormorantREPLRunnerBundle" */;
			buildPhases = (
				1ADD0C851AD3C8F100419F94 /* Sources */,
				1ADD0C861AD3C8F100419F94 /* Frameworks */,
				1ADD0C871AD3C8F100419F94 /* Resources */,
				1ADD0C921AD3C92300419F94 /* Copy Files */,
				1A14525E1B915EC6001F3F28 /* CopyFiles */,
			);
			buildRules = (
			);
			dependencies = (
				1ADD0C911AD3C91D00419F94 /* PBXTargetDependency */,
			);
			name = CormorantREPLRunnerBundle;
			productName = LambdatronREPLRunnerBundle;
			productReference = 1ADD0C891AD3C8F100419F94 /* CormorantREPLRunner.bundle */;
			productType = "com.apple.product-type.bundle";
		};
/* End PBXNativeTarget section */

/* Begin PBXProject section */
		1ADD0C731AD3C8A300419F94 /* Project object */ = {
			isa = PBXProject;
			attributes = {
				LastUpgradeCheck = 0800;
				ORGANIZATIONNAME = "Austin Zheng";
				TargetAttributes = {
					1ADD0C7A1AD3C8A300419F94 = {
						CreatedOnToolsVersion = 6.3;
					};
					1ADD0C881AD3C8F100419F94 = {
						CreatedOnToolsVersion = 6.3;
					};
				};
			};
			buildConfigurationList = 1ADD0C761AD3C8A300419F94 /* Build configuration list for PBXProject "CormorantREPLRunner" */;
			compatibilityVersion = "Xcode 6.3";
			developmentRegion = English;
			hasScannedForEncodings = 0;
			knownRegions = (
				en,
			);
			mainGroup = 1ADD0C721AD3C8A300419F94;
			productRefGroup = 1ADD0C7C1AD3C8A300419F94 /* Products */;
			projectDirPath = "";
			projectRoot = "";
			targets = (
				1ADD0C7A1AD3C8A300419F94 /* CormorantREPLRunner */,
				1ADD0C881AD3C8F100419F94 /* CormorantREPLRunnerBundle */,
			);
		};
/* End PBXProject section */

/* Begin PBXResourcesBuildPhase section */
		1ADD0C871AD3C8F100419F94 /* Resources */ = {
			isa = PBXResourcesBuildPhase;
			buildActionMask = 2147483647;
			files = (
			);
			runOnlyForDeploymentPostprocessing = 0;
		};
/* End PBXResourcesBuildPhase section */

/* Begin PBXSourcesBuildPhase section */
		1ADD0C771AD3C8A300419F94 /* Sources */ = {
			isa = PBXSourcesBuildPhase;
			buildActionMask = 2147483647;
			files = (
				1AD9DE9B1D175BA00086E4D8 /* main.m in Sources */,
			);
			runOnlyForDeploymentPostprocessing = 0;
		};
		1ADD0C851AD3C8F100419F94 /* Sources */ = {
			isa = PBXSourcesBuildPhase;
			buildActionMask = 2147483647;
			files = (
			);
			runOnlyForDeploymentPostprocessing = 0;
		};
/* End PBXSourcesBuildPhase section */

/* Begin PBXTargetDependency section */
		1ADD0C911AD3C91D00419F94 /* PBXTargetDependency */ = {
			isa = PBXTargetDependency;
			target = 1ADD0C7A1AD3C8A300419F94 /* CormorantREPLRunner */;
			targetProxy = 1ADD0C901AD3C91D00419F94 /* PBXContainerItemProxy */;
		};
/* End PBXTargetDependency section */

/* Begin XCBuildConfiguration section */
		1ADD0C801AD3C8A300419F94 /* Debug */ = {
			isa = XCBuildConfiguration;
			buildSettings = {
				ALWAYS_SEARCH_USER_PATHS = NO;
				CLANG_CXX_LANGUAGE_STANDARD = "gnu++0x";
				CLANG_CXX_LIBRARY = "libc++";
				CLANG_ENABLE_MODULES = YES;
				CLANG_ENABLE_OBJC_ARC = YES;
				CLANG_WARN_BOOL_CONVERSION = YES;
				CLANG_WARN_CONSTANT_CONVERSION = YES;
				CLANG_WARN_DIRECT_OBJC_ISA_USAGE = YES_ERROR;
				CLANG_WARN_EMPTY_BODY = YES;
				CLANG_WARN_ENUM_CONVERSION = YES;
				CLANG_WARN_INT_CONVERSION = YES;
				CLANG_WARN_OBJC_ROOT_CLASS = YES_ERROR;
				CLANG_WARN_UNREACHABLE_CODE = YES;
				CLANG_WARN__DUPLICATE_METHOD_MATCH = YES;
				COPY_PHASE_STRIP = NO;
				DEBUG_INFORMATION_FORMAT = dwarf;
				ENABLE_STRICT_OBJC_MSGSEND = YES;
				ENABLE_TESTABILITY = YES;
				GCC_C_LANGUAGE_STANDARD = gnu99;
				GCC_DYNAMIC_NO_PIC = NO;
				GCC_NO_COMMON_BLOCKS = YES;
				GCC_OPTIMIZATION_LEVEL = 0;
				GCC_PREPROCESSOR_DEFINITIONS = (
					"DEBUG=1",
					"$(inherited)",
				);
				GCC_SYMBOLS_PRIVATE_EXTERN = NO;
				GCC_WARN_64_TO_32_BIT_CONVERSION = YES;
				GCC_WARN_ABOUT_RETURN_TYPE = YES_ERROR;
				GCC_WARN_UNDECLARED_SELECTOR = YES;
				GCC_WARN_UNINITIALIZED_AUTOS = YES_AGGRESSIVE;
				GCC_WARN_UNUSED_FUNCTION = YES;
				GCC_WARN_UNUSED_VARIABLE = YES;
				LD_RUNPATH_SEARCH_PATHS = "";
				MACOSX_DEPLOYMENT_TARGET = 10.10;
				MTL_ENABLE_DEBUG_INFO = YES;
				ONLY_ACTIVE_ARCH = YES;
				SDKROOT = macosx;
			};
			name = Debug;
		};
		1ADD0C811AD3C8A300419F94 /* Release */ = {
			isa = XCBuildConfiguration;
			buildSettings = {
				ALWAYS_SEARCH_USER_PATHS = NO;
				CLANG_CXX_LANGUAGE_STANDARD = "gnu++0x";
				CLANG_CXX_LIBRARY = "libc++";
				CLANG_ENABLE_MODULES = YES;
				CLANG_ENABLE_OBJC_ARC = YES;
				CLANG_WARN_BOOL_CONVERSION = YES;
				CLANG_WARN_CONSTANT_CONVERSION = YES;
				CLANG_WARN_DIRECT_OBJC_ISA_USAGE = YES_ERROR;
				CLANG_WARN_EMPTY_BODY = YES;
				CLANG_WARN_ENUM_CONVERSION = YES;
				CLANG_WARN_INT_CONVERSION = YES;
				CLANG_WARN_OBJC_ROOT_CLASS = YES_ERROR;
				CLANG_WARN_UNREACHABLE_CODE = YES;
				CLANG_WARN__DUPLICATE_METHOD_MATCH = YES;
				COPY_PHASE_STRIP = NO;
				DEBUG_INFORMATION_FORMAT = "dwarf-with-dsym";
				ENABLE_NS_ASSERTIONS = NO;
				ENABLE_STRICT_OBJC_MSGSEND = YES;
				GCC_C_LANGUAGE_STANDARD = gnu99;
				GCC_NO_COMMON_BLOCKS = YES;
				GCC_WARN_64_TO_32_BIT_CONVERSION = YES;
				GCC_WARN_ABOUT_RETURN_TYPE = YES_ERROR;
				GCC_WARN_UNDECLARED_SELECTOR = YES;
				GCC_WARN_UNINITIALIZED_AUTOS = YES_AGGRESSIVE;
				GCC_WARN_UNUSED_FUNCTION = YES;
				GCC_WARN_UNUSED_VARIABLE = YES;
				LD_RUNPATH_SEARCH_PATHS = "";
				MACOSX_DEPLOYMENT_TARGET = 10.10;
				MTL_ENABLE_DEBUG_INFO = NO;
				SDKROOT = macosx;
			};
			name = Release;
		};
		1ADD0C831AD3C8A300419F94 /* Debug */ = {
			isa = XCBuildConfiguration;
			buildSettings = {
				FRAMEWORK_SEARCH_PATHS = "$(inherited)";
				LD_RUNPATH_SEARCH_PATHS = "$(inherited) @executable_path/../Frameworks @executable_path/$(PRODUCT_NAME).bundle/Contents/Frameworks";
				MACOSX_DEPLOYMENT_TARGET = 10.9;
				PRODUCT_NAME = "$(TARGET_NAME)";
			};
			name = Debug;
		};
		1ADD0C841AD3C8A300419F94 /* Release */ = {
			isa = XCBuildConfiguration;
			buildSettings = {
				FRAMEWORK_SEARCH_PATHS = "$(inherited)";
				LD_RUNPATH_SEARCH_PATHS = "$(inherited) @executable_path/../Frameworks @executable_path/$(PRODUCT_NAME).bundle/Contents/Frameworks";
				MACOSX_DEPLOYMENT_TARGET = 10.9;
				PRODUCT_NAME = "$(TARGET_NAME)";
			};
			name = Release;
		};
		1ADD0C8E1AD3C8F100419F94 /* Debug */ = {
			isa = XCBuildConfiguration;
			buildSettings = {
				ALWAYS_EMBED_SWIFT_STANDARD_LIBRARIES = YES;
				COMBINE_HIDPI_IMAGES = YES;
				GCC_PREPROCESSOR_DEFINITIONS = (
					"DEBUG=1",
					"$(inherited)",
				);
				INFOPLIST_FILE = "";
				INSTALL_PATH = "$(LOCAL_LIBRARY_DIR)/Bundles";
				PRODUCT_BUNDLE_IDENTIFIER = "com.f3nghuang.$(PRODUCT_NAME:rfc1034identifier)";
				PRODUCT_NAME = CormorantREPLRunner;
				SKIP_INSTALL = YES;
				WRAPPER_EXTENSION = bundle;
			};
			name = Debug;
		};
		1ADD0C8F1AD3C8F100419F94 /* Release */ = {
			isa = XCBuildConfiguration;
			buildSettings = {
				ALWAYS_EMBED_SWIFT_STANDARD_LIBRARIES = YES;
				COMBINE_HIDPI_IMAGES = YES;
				INFOPLIST_FILE = "";
				INSTALL_PATH = "$(LOCAL_LIBRARY_DIR)/Bundles";
				PRODUCT_BUNDLE_IDENTIFIER = "com.f3nghuang.$(PRODUCT_NAME:rfc1034identifier)";
				PRODUCT_NAME = CormorantREPLRunner;
				SKIP_INSTALL = YES;
				WRAPPER_EXTENSION = bundle;
			};
			name = Release;
		};
/* End XCBuildConfiguration section */

/* Begin XCConfigurationList section */
		1ADD0C761AD3C8A300419F94 /* Build configuration list for PBXProject "CormorantREPLRunner" */ = {
			isa = XCConfigurationList;
			buildConfigurations = (
				1ADD0C801AD3C8A300419F94 /* Debug */,
				1ADD0C811AD3C8A300419F94 /* Release */,
			);
			defaultConfigurationIsVisible = 0;
			defaultConfigurationName = Release;
		};
		1ADD0C821AD3C8A300419F94 /* Build configuration list for PBXNativeTarget "CormorantREPLRunner" */ = {
			isa = XCConfigurationList;
			buildConfigurations = (
				1ADD0C831AD3C8A300419F94 /* Debug */,
				1ADD0C841AD3C8A300419F94 /* Release */,
			);
			defaultConfigurationIsVisible = 0;
			defaultConfigurationName = Release;
		};
		1ADD0C8D1AD3C8F100419F94 /* Build configuration list for PBXNativeTarget "CormorantREPLRunnerBundle" */ = {
			isa = XCConfigurationList;
			buildConfigurations = (
				1ADD0C8E1AD3C8F100419F94 /* Debug */,
				1ADD0C8F1AD3C8F100419F94 /* Release */,
			);
			defaultConfigurationIsVisible = 0;
			defaultConfigurationName = Release;
		};
/* End XCConfigurationList section */
	};
	rootObject = 1ADD0C731AD3C8A300419F94 /* Project object */;
}
