// !$*UTF8*$!
{
	archiveVersion = 1;
	classes = {
	};
	objectVersion = 46;
	objects = {

/* Begin PBXBuildFile section */
		1A22BCB51A25B02A00D34872 /* lexer.swift in Sources */ = {isa = PBXBuildFile; fileRef = 1A22BCB21A25B02A00D34872 /* lexer.swift */; };
		1A22BCB61A25B02A00D34872 /* loader.swift in Sources */ = {isa = PBXBuildFile; fileRef = 1A22BCB31A25B02A00D34872 /* loader.swift */; };
		1A22BCB71A25B02A00D34872 /* parser.swift in Sources */ = {isa = PBXBuildFile; fileRef = 1A22BCB41A25B02A00D34872 /* parser.swift */; };
		1A24D9CC19F71645003980C1 /* core.swift in Sources */ = {isa = PBXBuildFile; fileRef = 1A24D9CB19F71645003980C1 /* core.swift */; };
		1A24D9CE19F71875003980C1 /* primitives.swift in Sources */ = {isa = PBXBuildFile; fileRef = 1A24D9CD19F71875003980C1 /* primitives.swift */; };
		1A24D9D219F72588003980C1 /* context.swift in Sources */ = {isa = PBXBuildFile; fileRef = 1A24D9D119F72588003980C1 /* context.swift */; };
		1A28DF551A15B0D80036A562 /* functions.swift in Sources */ = {isa = PBXBuildFile; fileRef = 1A28DF541A15B0D80036A562 /* functions.swift */; };
		1A28DF571A16C69B0036A562 /* macros.swift in Sources */ = {isa = PBXBuildFile; fileRef = 1A28DF561A16C69B0036A562 /* macros.swift */; };
		1A5DE9711A1D7CB000973951 /* singlefn.swift in Sources */ = {isa = PBXBuildFile; fileRef = 1A5DE9701A1D7CB000973951 /* singlefn.swift */; };
		1A5DE9731A1D8D1400973951 /* operators.swift in Sources */ = {isa = PBXBuildFile; fileRef = 1A5DE9721A1D8D1400973951 /* operators.swift */; };
		1A73F0D919F7138100F266DA /* main.swift in Sources */ = {isa = PBXBuildFile; fileRef = 1A73F0D819F7138100F266DA /* main.swift */; };
		1A942AE11A35A94D0036BF5A /* builtin.lbt in Resources */ = {isa = PBXBuildFile; fileRef = 1A942AE01A35A94D0036BF5A /* builtin.lbt */; };
		1A942AE21A35A9E30036BF5A /* builtin.lbt in CopyFiles */ = {isa = PBXBuildFile; fileRef = 1A942AE01A35A94D0036BF5A /* builtin.lbt */; };
		1A98B1121A1C83E700019DB4 /* core.lbt in Resources */ = {isa = PBXBuildFile; fileRef = 1A98B10C1A1C79F300019DB4 /* core.lbt */; };
		1A98B1141A1C84CE00019DB4 /* core.lbt in CopyFiles */ = {isa = PBXBuildFile; fileRef = 1A98B10C1A1C79F300019DB4 /* core.lbt */; };
		1ACFB1901A21BD82000FB61F /* commands.swift in Sources */ = {isa = PBXBuildFile; fileRef = 1ACFB18F1A21BD82000FB61F /* commands.swift */; };
		1ACFB1921A21C011000FB61F /* logging.swift in Sources */ = {isa = PBXBuildFile; fileRef = 1ACFB1911A21C011000FB61F /* logging.swift */; };
		1ACFB1941A256008000FB61F /* repl.swift in Sources */ = {isa = PBXBuildFile; fileRef = 1ACFB1931A256008000FB61F /* repl.swift */; };
		1ADAAD9C1A11E2FB00C2223E /* specialforms.swift in Sources */ = {isa = PBXBuildFile; fileRef = 1ADAAD9B1A11E2FB00C2223E /* specialforms.swift */; };
		1AE1A3321A3ACA3A009A6CAB /* temp_bootstrap.swift in Sources */ = {isa = PBXBuildFile; fileRef = 1AE1A3311A3ACA3A009A6CAB /* temp_bootstrap.swift */; };
		1AF1B1401A1B0C2400C93C60 /* readerforms.swift in Sources */ = {isa = PBXBuildFile; fileRef = 1AF1B13F1A1B0C2400C93C60 /* readerforms.swift */; };
		1AFB727D1A2DAE1400A0CB69 /* evaluation.swift in Sources */ = {isa = PBXBuildFile; fileRef = 1AFB727C1A2DAE1400A0CB69 /* evaluation.swift */; };
		FB50163F1A37E29C004A2BFE /* LineReader.m in Sources */ = {isa = PBXBuildFile; fileRef = FB50163E1A37E29C004A2BFE /* LineReader.m */; };
		FB5016431A38B150004A2BFE /* libedit.3.0.dylib in Frameworks */ = {isa = PBXBuildFile; fileRef = FB5016421A38B150004A2BFE /* libedit.3.0.dylib */; };
/* End PBXBuildFile section */

/* Begin PBXCopyFilesBuildPhase section */
		1A98B1131A1C84C800019DB4 /* CopyFiles */ = {
			isa = PBXCopyFilesBuildPhase;
			buildActionMask = 2147483647;
			dstPath = "";
			dstSubfolderSpec = 7;
			files = (
				1A942AE21A35A9E30036BF5A /* builtin.lbt in CopyFiles */,
				1A98B1141A1C84CE00019DB4 /* core.lbt in CopyFiles */,
			);
			runOnlyForDeploymentPostprocessing = 0;
		};
/* End PBXCopyFilesBuildPhase section */

/* Begin PBXFileReference section */
		1A22BCB21A25B02A00D34872 /* lexer.swift */ = {isa = PBXFileReference; fileEncoding = 4; lastKnownFileType = sourcecode.swift; name = lexer.swift; path = reader/lexer.swift; sourceTree = "<group>"; };
		1A22BCB31A25B02A00D34872 /* loader.swift */ = {isa = PBXFileReference; fileEncoding = 4; lastKnownFileType = sourcecode.swift; name = loader.swift; path = reader/loader.swift; sourceTree = "<group>"; };
		1A22BCB41A25B02A00D34872 /* parser.swift */ = {isa = PBXFileReference; fileEncoding = 4; lastKnownFileType = sourcecode.swift; name = parser.swift; path = reader/parser.swift; sourceTree = "<group>"; };
		1A24D9CB19F71645003980C1 /* core.swift */ = {isa = PBXFileReference; fileEncoding = 4; lastKnownFileType = sourcecode.swift; path = core.swift; sourceTree = "<group>"; };
		1A24D9CD19F71875003980C1 /* primitives.swift */ = {isa = PBXFileReference; fileEncoding = 4; lastKnownFileType = sourcecode.swift; path = primitives.swift; sourceTree = "<group>"; };
		1A24D9D119F72588003980C1 /* context.swift */ = {isa = PBXFileReference; fileEncoding = 4; lastKnownFileType = sourcecode.swift; path = context.swift; sourceTree = "<group>"; };
		1A28DF541A15B0D80036A562 /* functions.swift */ = {isa = PBXFileReference; fileEncoding = 4; lastKnownFileType = sourcecode.swift; path = functions.swift; sourceTree = "<group>"; };
		1A28DF561A16C69B0036A562 /* macros.swift */ = {isa = PBXFileReference; fileEncoding = 4; lastKnownFileType = sourcecode.swift; path = macros.swift; sourceTree = "<group>"; };
		1A5DE9701A1D7CB000973951 /* singlefn.swift */ = {isa = PBXFileReference; fileEncoding = 4; lastKnownFileType = sourcecode.swift; path = singlefn.swift; sourceTree = "<group>"; };
		1A5DE9721A1D8D1400973951 /* operators.swift */ = {isa = PBXFileReference; fileEncoding = 4; lastKnownFileType = sourcecode.swift; path = operators.swift; sourceTree = "<group>"; };
		1A73F0D519F7138100F266DA /* Lambdatron */ = {isa = PBXFileReference; explicitFileType = "compiled.mach-o.executable"; includeInIndex = 0; path = Lambdatron; sourceTree = BUILT_PRODUCTS_DIR; };
		1A73F0D819F7138100F266DA /* main.swift */ = {isa = PBXFileReference; lastKnownFileType = sourcecode.swift; path = main.swift; sourceTree = "<group>"; };
		1A942AE01A35A94D0036BF5A /* builtin.lbt */ = {isa = PBXFileReference; fileEncoding = 4; lastKnownFileType = text; name = builtin.lbt; path = stdlib/builtin.lbt; sourceTree = "<group>"; };
		1A98B10C1A1C79F300019DB4 /* core.lbt */ = {isa = PBXFileReference; fileEncoding = 4; lastKnownFileType = text; name = core.lbt; path = stdlib/core.lbt; sourceTree = "<group>"; };
		1ACFB18F1A21BD82000FB61F /* commands.swift */ = {isa = PBXFileReference; fileEncoding = 4; lastKnownFileType = sourcecode.swift; name = commands.swift; path = REPL/commands.swift; sourceTree = "<group>"; };
		1ACFB1911A21C011000FB61F /* logging.swift */ = {isa = PBXFileReference; fileEncoding = 4; lastKnownFileType = sourcecode.swift; name = logging.swift; path = REPL/logging.swift; sourceTree = "<group>"; };
		1ACFB1931A256008000FB61F /* repl.swift */ = {isa = PBXFileReference; fileEncoding = 4; lastKnownFileType = sourcecode.swift; name = repl.swift; path = REPL/repl.swift; sourceTree = "<group>"; };
		1ADAAD9B1A11E2FB00C2223E /* specialforms.swift */ = {isa = PBXFileReference; fileEncoding = 4; lastKnownFileType = sourcecode.swift; path = specialforms.swift; sourceTree = "<group>"; };
		1AE1A3311A3ACA3A009A6CAB /* temp_bootstrap.swift */ = {isa = PBXFileReference; fileEncoding = 4; lastKnownFileType = sourcecode.swift; name = temp_bootstrap.swift; path = builtin/temp_bootstrap.swift; sourceTree = "<group>"; };
		1AF1B13F1A1B0C2400C93C60 /* readerforms.swift */ = {isa = PBXFileReference; fileEncoding = 4; lastKnownFileType = sourcecode.swift; path = readerforms.swift; sourceTree = "<group>"; };
		1AFB727C1A2DAE1400A0CB69 /* evaluation.swift */ = {isa = PBXFileReference; fileEncoding = 4; lastKnownFileType = sourcecode.swift; path = evaluation.swift; sourceTree = "<group>"; };
		FB50163D1A37E29B004A2BFE /* Lambdatron-Bridging-Header.h */ = {isa = PBXFileReference; lastKnownFileType = sourcecode.c.h; path = "Lambdatron-Bridging-Header.h"; sourceTree = "<group>"; };
		FB50163E1A37E29C004A2BFE /* LineReader.m */ = {isa = PBXFileReference; fileEncoding = 4; lastKnownFileType = sourcecode.c.objc; name = LineReader.m; path = REPL/LineReader.m; sourceTree = "<group>"; };
		FB5016401A37E4A4004A2BFE /* LineReader.h */ = {isa = PBXFileReference; fileEncoding = 4; lastKnownFileType = sourcecode.c.h; path = LineReader.h; sourceTree = "<group>"; };
		FB5016421A38B150004A2BFE /* libedit.3.0.dylib */ = {isa = PBXFileReference; lastKnownFileType = "compiled.mach-o.dylib"; name = libedit.3.0.dylib; path = usr/lib/libedit.3.0.dylib; sourceTree = SDKROOT; };
/* End PBXFileReference section */

/* Begin PBXFrameworksBuildPhase section */
		1A73F0D219F7138100F266DA /* Frameworks */ = {
			isa = PBXFrameworksBuildPhase;
			buildActionMask = 2147483647;
			files = (
				FB5016431A38B150004A2BFE /* libedit.3.0.dylib in Frameworks */,
			);
			runOnlyForDeploymentPostprocessing = 0;
		};
/* End PBXFrameworksBuildPhase section */

/* Begin PBXGroup section */
		1A22BCB11A25AFEE00D34872 /* reader */ = {
			isa = PBXGroup;
			children = (
				1A22BCB21A25B02A00D34872 /* lexer.swift */,
				1A22BCB41A25B02A00D34872 /* parser.swift */,
				1A22BCB31A25B02A00D34872 /* loader.swift */,
			);
			name = reader;
			sourceTree = "<group>";
		};
		1A73F0CC19F7138000F266DA = {
			isa = PBXGroup;
			children = (
				FB5016421A38B150004A2BFE /* libedit.3.0.dylib */,
				1A73F0D719F7138100F266DA /* Lambdatron */,
				1A73F0D619F7138100F266DA /* Products */,
			);
			sourceTree = "<group>";
		};
		1A73F0D619F7138100F266DA /* Products */ = {
			isa = PBXGroup;
			children = (
				1A73F0D519F7138100F266DA /* Lambdatron */,
			);
			name = Products;
			sourceTree = "<group>";
		};
		1A73F0D719F7138100F266DA /* Lambdatron */ = {
			isa = PBXGroup;
			children = (
				1A73F0D819F7138100F266DA /* main.swift */,
				1A24D9CB19F71645003980C1 /* core.swift */,
				1AFB727C1A2DAE1400A0CB69 /* evaluation.swift */,
				1AF1B13F1A1B0C2400C93C60 /* readerforms.swift */,
				1ADAAD9B1A11E2FB00C2223E /* specialforms.swift */,
				1A5DE9701A1D7CB000973951 /* singlefn.swift */,
				1A28DF541A15B0D80036A562 /* functions.swift */,
				1A28DF561A16C69B0036A562 /* macros.swift */,
				1A24D9CD19F71875003980C1 /* primitives.swift */,
				1AE1A3311A3ACA3A009A6CAB /* temp_bootstrap.swift */,
				1A24D9D119F72588003980C1 /* context.swift */,
				1A5DE9721A1D8D1400973951 /* operators.swift */,
				1A22BCB11A25AFEE00D34872 /* reader */,
				1ACFB18E1A21BD6B000FB61F /* REPL */,
				1A98B10B1A1C79AA00019DB4 /* stdlib */,
			);
			path = Lambdatron;
			sourceTree = "<group>";
		};
		1A98B10B1A1C79AA00019DB4 /* stdlib */ = {
			isa = PBXGroup;
			children = (
				1A98B10C1A1C79F300019DB4 /* core.lbt */,
				1A942AE01A35A94D0036BF5A /* builtin.lbt */,
			);
			name = stdlib;
			sourceTree = "<group>";
		};
		1ACFB18E1A21BD6B000FB61F /* REPL */ = {
			isa = PBXGroup;
			children = (
				FB50163D1A37E29B004A2BFE /* Lambdatron-Bridging-Header.h */,
				FB5016401A37E4A4004A2BFE /* LineReader.h */,
				FB50163E1A37E29C004A2BFE /* LineReader.m */,
				1ACFB1931A256008000FB61F /* repl.swift */,
				1ACFB1911A21C011000FB61F /* logging.swift */,
				1ACFB18F1A21BD82000FB61F /* commands.swift */,
			);
			name = REPL;
			sourceTree = "<group>";
		};
/* End PBXGroup section */

/* Begin PBXNativeTarget section */
		1A73F0D419F7138100F266DA /* Lambdatron */ = {
			isa = PBXNativeTarget;
			buildConfigurationList = 1A73F0DC19F7138100F266DA /* Build configuration list for PBXNativeTarget "Lambdatron" */;
			buildPhases = (
				1A73F0D119F7138100F266DA /* Sources */,
				1A73F0D219F7138100F266DA /* Frameworks */,
				1A98B1111A1C83E100019DB4 /* Resources */,
				1A98B1131A1C84C800019DB4 /* CopyFiles */,
			);
			buildRules = (
			);
			dependencies = (
			);
			name = Lambdatron;
			productName = Lambdatron;
			productReference = 1A73F0D519F7138100F266DA /* Lambdatron */;
			productType = "com.apple.product-type.tool";
		};
/* End PBXNativeTarget section */

/* Begin PBXProject section */
		1A73F0CD19F7138000F266DA /* Project object */ = {
			isa = PBXProject;
			attributes = {
				LastUpgradeCheck = 0610;
				ORGANIZATIONNAME = "Austin Zheng";
				TargetAttributes = {
					1A73F0D419F7138100F266DA = {
						CreatedOnToolsVersion = 6.1;
					};
				};
			};
			buildConfigurationList = 1A73F0D019F7138100F266DA /* Build configuration list for PBXProject "Lambdatron" */;
			compatibilityVersion = "Xcode 3.2";
			developmentRegion = English;
			hasScannedForEncodings = 0;
			knownRegions = (
				en,
			);
			mainGroup = 1A73F0CC19F7138000F266DA;
			productRefGroup = 1A73F0D619F7138100F266DA /* Products */;
			projectDirPath = "";
			projectRoot = "";
			targets = (
				1A73F0D419F7138100F266DA /* Lambdatron */,
			);
		};
/* End PBXProject section */

/* Begin PBXResourcesBuildPhase section */
		1A98B1111A1C83E100019DB4 /* Resources */ = {
			isa = PBXResourcesBuildPhase;
			buildActionMask = 2147483647;
			files = (
				1A942AE11A35A94D0036BF5A /* builtin.lbt in Resources */,
				1A98B1121A1C83E700019DB4 /* core.lbt in Resources */,
			);
			runOnlyForDeploymentPostprocessing = 0;
		};
/* End PBXResourcesBuildPhase section */

/* Begin PBXSourcesBuildPhase section */
		1A73F0D119F7138100F266DA /* Sources */ = {
			isa = PBXSourcesBuildPhase;
			buildActionMask = 2147483647;
			files = (
				1A24D9CE19F71875003980C1 /* primitives.swift in Sources */,
				1A28DF571A16C69B0036A562 /* macros.swift in Sources */,
				1ADAAD9C1A11E2FB00C2223E /* specialforms.swift in Sources */,
				1A5DE9731A1D8D1400973951 /* operators.swift in Sources */,
				1A22BCB71A25B02A00D34872 /* parser.swift in Sources */,
				1A22BCB51A25B02A00D34872 /* lexer.swift in Sources */,
				1AF1B1401A1B0C2400C93C60 /* readerforms.swift in Sources */,
				1A24D9D219F72588003980C1 /* context.swift in Sources */,
				1A24D9CC19F71645003980C1 /* core.swift in Sources */,
				1A28DF551A15B0D80036A562 /* functions.swift in Sources */,
				1AE1A3321A3ACA3A009A6CAB /* temp_bootstrap.swift in Sources */,
				1ACFB1941A256008000FB61F /* repl.swift in Sources */,
				1ACFB1921A21C011000FB61F /* logging.swift in Sources */,
				1AFB727D1A2DAE1400A0CB69 /* evaluation.swift in Sources */,
				FB50163F1A37E29C004A2BFE /* LineReader.m in Sources */,
				1A73F0D919F7138100F266DA /* main.swift in Sources */,
				1A5DE9711A1D7CB000973951 /* singlefn.swift in Sources */,
				1ACFB1901A21BD82000FB61F /* commands.swift in Sources */,
				1A22BCB61A25B02A00D34872 /* loader.swift in Sources */,
			);
			runOnlyForDeploymentPostprocessing = 0;
		};
/* End PBXSourcesBuildPhase section */

/* Begin XCBuildConfiguration section */
		1A73F0DA19F7138100F266DA /* Debug */ = {
			isa = XCBuildConfiguration;
			buildSettings = {
				ALWAYS_SEARCH_USER_PATHS = NO;
				CLANG_CXX_LANGUAGE_STANDARD = "gnu++0x";
				CLANG_CXX_LIBRARY = "libc++";
				CLANG_ENABLE_MODULES = YES;
				CLANG_ENABLE_OBJC_ARC = YES;
				CLANG_WARN_BOOL_CONVERSION = YES;
				CLANG_WARN_CONSTANT_CONVERSION = YES;
				CLANG_WARN_DIRECT_OBJC_ISA_USAGE = YES_ERROR;
				CLANG_WARN_EMPTY_BODY = YES;
				CLANG_WARN_ENUM_CONVERSION = YES;
				CLANG_WARN_INT_CONVERSION = YES;
				CLANG_WARN_OBJC_ROOT_CLASS = YES_ERROR;
				CLANG_WARN_UNREACHABLE_CODE = YES;
				CLANG_WARN__DUPLICATE_METHOD_MATCH = YES;
				COPY_PHASE_STRIP = NO;
				ENABLE_STRICT_OBJC_MSGSEND = YES;
				GCC_C_LANGUAGE_STANDARD = gnu99;
				GCC_DYNAMIC_NO_PIC = NO;
				GCC_OPTIMIZATION_LEVEL = 0;
				GCC_PREPROCESSOR_DEFINITIONS = (
					"DEBUG=1",
					"$(inherited)",
				);
				GCC_SYMBOLS_PRIVATE_EXTERN = NO;
				GCC_WARN_64_TO_32_BIT_CONVERSION = YES;
				GCC_WARN_ABOUT_RETURN_TYPE = YES_ERROR;
				GCC_WARN_UNDECLARED_SELECTOR = YES;
				GCC_WARN_UNINITIALIZED_AUTOS = YES_AGGRESSIVE;
				GCC_WARN_UNUSED_FUNCTION = YES;
				GCC_WARN_UNUSED_VARIABLE = YES;
				MACOSX_DEPLOYMENT_TARGET = 10.10;
				MTL_ENABLE_DEBUG_INFO = YES;
				ONLY_ACTIVE_ARCH = YES;
				SDKROOT = macosx;
				SWIFT_OPTIMIZATION_LEVEL = "-Onone";
			};
			name = Debug;
		};
		1A73F0DB19F7138100F266DA /* Release */ = {
			isa = XCBuildConfiguration;
			buildSettings = {
				ALWAYS_SEARCH_USER_PATHS = NO;
				CLANG_CXX_LANGUAGE_STANDARD = "gnu++0x";
				CLANG_CXX_LIBRARY = "libc++";
				CLANG_ENABLE_MODULES = YES;
				CLANG_ENABLE_OBJC_ARC = YES;
				CLANG_WARN_BOOL_CONVERSION = YES;
				CLANG_WARN_CONSTANT_CONVERSION = YES;
				CLANG_WARN_DIRECT_OBJC_ISA_USAGE = YES_ERROR;
				CLANG_WARN_EMPTY_BODY = YES;
				CLANG_WARN_ENUM_CONVERSION = YES;
				CLANG_WARN_INT_CONVERSION = YES;
				CLANG_WARN_OBJC_ROOT_CLASS = YES_ERROR;
				CLANG_WARN_UNREACHABLE_CODE = YES;
				CLANG_WARN__DUPLICATE_METHOD_MATCH = YES;
				COPY_PHASE_STRIP = YES;
				DEBUG_INFORMATION_FORMAT = "dwarf-with-dsym";
				ENABLE_NS_ASSERTIONS = NO;
				ENABLE_STRICT_OBJC_MSGSEND = YES;
				GCC_C_LANGUAGE_STANDARD = gnu99;
				GCC_WARN_64_TO_32_BIT_CONVERSION = YES;
				GCC_WARN_ABOUT_RETURN_TYPE = YES_ERROR;
				GCC_WARN_UNDECLARED_SELECTOR = YES;
				GCC_WARN_UNINITIALIZED_AUTOS = YES_AGGRESSIVE;
				GCC_WARN_UNUSED_FUNCTION = YES;
				GCC_WARN_UNUSED_VARIABLE = YES;
				MACOSX_DEPLOYMENT_TARGET = 10.10;
				MTL_ENABLE_DEBUG_INFO = NO;
				ONLY_ACTIVE_ARCH = YES;
				SDKROOT = macosx;
			};
			name = Release;
		};
		1A73F0DD19F7138100F266DA /* Debug */ = {
			isa = XCBuildConfiguration;
			buildSettings = {
				CLANG_ENABLE_MODULES = YES;
				LD_RUNPATH_SEARCH_PATHS = "$(inherited) @executable_path/../Frameworks @loader_path/../Frameworks";
				PRODUCT_NAME = "$(TARGET_NAME)";
				STRIP_INSTALLED_PRODUCT = YES;
				SWIFT_OBJC_BRIDGING_HEADER = "Lambdatron/Lambdatron-Bridging-Header.h";
				SWIFT_OPTIMIZATION_LEVEL = "-Onone";
			};
			name = Debug;
		};
		1A73F0DE19F7138100F266DA /* Release */ = {
			isa = XCBuildConfiguration;
			buildSettings = {
				CLANG_ENABLE_MODULES = YES;
				LD_RUNPATH_SEARCH_PATHS = "$(inherited) @executable_path/../Frameworks @loader_path/../Frameworks";
				PRODUCT_NAME = "$(TARGET_NAME)";
				STRIP_INSTALLED_PRODUCT = YES;
				SWIFT_OBJC_BRIDGING_HEADER = "Lambdatron/Lambdatron-Bridging-Header.h";
			};
			name = Release;
		};
/* End XCBuildConfiguration section */

/* Begin XCConfigurationList section */
		1A73F0D019F7138100F266DA /* Build configuration list for PBXProject "Lambdatron" */ = {
			isa = XCConfigurationList;
			buildConfigurations = (
				1A73F0DA19F7138100F266DA /* Debug */,
				1A73F0DB19F7138100F266DA /* Release */,
			);
			defaultConfigurationIsVisible = 0;
			defaultConfigurationName = Release;
		};
		1A73F0DC19F7138100F266DA /* Build configuration list for PBXNativeTarget "Lambdatron" */ = {
			isa = XCConfigurationList;
			buildConfigurations = (
				1A73F0DD19F7138100F266DA /* Debug */,
				1A73F0DE19F7138100F266DA /* Release */,
			);
			defaultConfigurationIsVisible = 0;
			defaultConfigurationName = Release;
		};
/* End XCConfigurationList section */
	};
	rootObject = 1A73F0CD19F7138000F266DA /* Project object */;
}
