// !$*UTF8*$!
{
	archiveVersion = 1;
	classes = {
	};
	objectVersion = 46;
	objects = {

/* Begin PBXBuildFile section */
		1A0252B71AC639D600FFBBA4 /* namespaces.swift in Sources */ = {isa = PBXBuildFile; fileRef = 1A2B81B21AC5207C009C76A4 /* namespaces.swift */; };
		1A0252B91AC6411700FFBBA4 /* TestNamespaces.swift in Sources */ = {isa = PBXBuildFile; fileRef = 1A0252B81AC6411700FFBBA4 /* TestNamespaces.swift */; };
		1A0288C61A834E1400589C23 /* TestConj.swift in Sources */ = {isa = PBXBuildFile; fileRef = 1A0288C51A834E1400589C23 /* TestConj.swift */; };
		1A03F3721AB4AF1C003233A5 /* TestSubs.swift in Sources */ = {isa = PBXBuildFile; fileRef = 1A03F3711AB4AF1C003233A5 /* TestSubs.swift */; };
		1A03F3741AB4AF3F003233A5 /* TestReplace.swift in Sources */ = {isa = PBXBuildFile; fileRef = 1A03F3731AB4AF3F003233A5 /* TestReplace.swift */; };
		1A03F3761AB4AF4B003233A5 /* TestReplaceFirst.swift in Sources */ = {isa = PBXBuildFile; fileRef = 1A03F3751AB4AF4B003233A5 /* TestReplaceFirst.swift */; };
		1A03F3781AB4AF71003233A5 /* TestRePattern.swift in Sources */ = {isa = PBXBuildFile; fileRef = 1A03F3771AB4AF71003233A5 /* TestRePattern.swift */; };
		1A03F37A1AB4AF8D003233A5 /* TestReFirst.swift in Sources */ = {isa = PBXBuildFile; fileRef = 1A03F3791AB4AF8D003233A5 /* TestReFirst.swift */; };
		1A03F37C1AB4AFA3003233A5 /* TestReSeq.swift in Sources */ = {isa = PBXBuildFile; fileRef = 1A03F37B1AB4AFA3003233A5 /* TestReSeq.swift */; };
		1A03F37E1AB4AFB0003233A5 /* TestReIterate.swift in Sources */ = {isa = PBXBuildFile; fileRef = 1A03F37D1AB4AFB0003233A5 /* TestReIterate.swift */; };
		1A03F3801AB4AFC2003233A5 /* TestReQuoteReplace.swift in Sources */ = {isa = PBXBuildFile; fileRef = 1A03F37F1AB4AFC2003233A5 /* TestReQuoteReplace.swift */; };
		1A0B02C81A68F96F007EF0F2 /* interpreter.swift in Sources */ = {isa = PBXBuildFile; fileRef = 1A0B02C71A68F96F007EF0F2 /* interpreter.swift */; };
		1A0B02C91A6901AE007EF0F2 /* interpreter.swift in Sources */ = {isa = PBXBuildFile; fileRef = 1A0B02C71A68F96F007EF0F2 /* interpreter.swift */; };
		1A0B02D11A69E2FF007EF0F2 /* TestNth.swift in Sources */ = {isa = PBXBuildFile; fileRef = 1A0B02D01A69E2FF007EF0F2 /* TestNth.swift */; };
		1A0B02D61A69E328007EF0F2 /* TestFnPosition.swift in Sources */ = {isa = PBXBuildFile; fileRef = 1A0B02D51A69E328007EF0F2 /* TestFnPosition.swift */; };
		1A0B02D81A69E357007EF0F2 /* InterpreterTest.swift in Sources */ = {isa = PBXBuildFile; fileRef = 1A0B02D71A69E357007EF0F2 /* InterpreterTest.swift */; };
		1A1269851A9C428100744F10 /* TestStr.swift in Sources */ = {isa = PBXBuildFile; fileRef = 1A1269841A9C428100744F10 /* TestStr.swift */; };
		1A1269871A9C51BD00744F10 /* TestDescribing.swift in Sources */ = {isa = PBXBuildFile; fileRef = 1A1269861A9C51BD00744F10 /* TestDescribing.swift */; };
		1A1269891A9C549D00744F10 /* rawstrings.txt in Resources */ = {isa = PBXBuildFile; fileRef = 1A1269881A9C549D00744F10 /* rawstrings.txt */; };
		1A1579791A6FA45B0013D21B /* TestRand.swift in Sources */ = {isa = PBXBuildFile; fileRef = 1A1579781A6FA45B0013D21B /* TestRand.swift */; };
		1A15797B1A71FF290013D21B /* TestDouble.swift in Sources */ = {isa = PBXBuildFile; fileRef = 1A15797A1A71FF290013D21B /* TestDouble.swift */; };
		1A1687751A6DDF4800DB26E2 /* TestEvaluating.swift in Sources */ = {isa = PBXBuildFile; fileRef = 1A1687741A6DDF4800DB26E2 /* TestEvaluating.swift */; };
		1A1687781A6DE1EF00DB26E2 /* TestIf.swift in Sources */ = {isa = PBXBuildFile; fileRef = 1A1687771A6DE1EF00DB26E2 /* TestIf.swift */; };
		1A16877A1A6DE49100DB26E2 /* TestQueries.swift in Sources */ = {isa = PBXBuildFile; fileRef = 1A1687791A6DE49100DB26E2 /* TestQueries.swift */; };
		1A16877C1A6F347C00DB26E2 /* TestQuote.swift in Sources */ = {isa = PBXBuildFile; fileRef = 1A16877B1A6F347C00DB26E2 /* TestQuote.swift */; };
		1A16877F1A6F362F00DB26E2 /* TestDo.swift in Sources */ = {isa = PBXBuildFile; fileRef = 1A16877E1A6F362F00DB26E2 /* TestDo.swift */; };
		1A22BCB51A25B02A00D34872 /* lexer.swift in Sources */ = {isa = PBXBuildFile; fileRef = 1A22BCB21A25B02A00D34872 /* lexer.swift */; };
		1A22BCB61A25B02A00D34872 /* loader.swift in Sources */ = {isa = PBXBuildFile; fileRef = 1A22BCB31A25B02A00D34872 /* loader.swift */; };
		1A22BCB71A25B02A00D34872 /* parser.swift in Sources */ = {isa = PBXBuildFile; fileRef = 1A22BCB41A25B02A00D34872 /* parser.swift */; };
		1A24D9CC19F71645003980C1 /* core.swift in Sources */ = {isa = PBXBuildFile; fileRef = 1A24D9CB19F71645003980C1 /* core.swift */; };
		1A24D9D219F72588003980C1 /* context.swift in Sources */ = {isa = PBXBuildFile; fileRef = 1A24D9D119F72588003980C1 /* context.swift */; };
		1A270BFF1A85EE3000B2EAFD /* TestFn.swift in Sources */ = {isa = PBXBuildFile; fileRef = 1A270BFE1A85EE3000B2EAFD /* TestFn.swift */; };
		1A2822A31A73715E004A0E35 /* TestLists.swift in Sources */ = {isa = PBXBuildFile; fileRef = 1A2822A21A73715E004A0E35 /* TestLists.swift */; };
		1A28DF551A15B0D80036A562 /* fns.swift in Sources */ = {isa = PBXBuildFile; fileRef = 1A28DF541A15B0D80036A562 /* fns.swift */; };
		1A2B81B31AC5207C009C76A4 /* namespaces.swift in Sources */ = {isa = PBXBuildFile; fileRef = 1A2B81B21AC5207C009C76A4 /* namespaces.swift */; };
		1A2BA9CA1A537BD300E73A17 /* util.swift in Sources */ = {isa = PBXBuildFile; fileRef = 1A2BA9C91A537BD300E73A17 /* util.swift */; };
		1A2BA9D61A537E0100E73A17 /* main.swift in Sources */ = {isa = PBXBuildFile; fileRef = 1A2BA9D41A537E0100E73A17 /* main.swift */; };
		1A2FDF4F1A6B928800E627A2 /* TestParsing.swift in Sources */ = {isa = PBXBuildFile; fileRef = 1A2FDF4E1A6B928800E627A2 /* TestParsing.swift */; };
		1A3447231AB4B91F0018C46F /* stringbuilder.swift in Sources */ = {isa = PBXBuildFile; fileRef = 1A3447221AB4B91F0018C46F /* stringbuilder.swift */; };
		1A3447251AB4C4920018C46F /* auxiliary.swift in Sources */ = {isa = PBXBuildFile; fileRef = 1A3447241AB4C4920018C46F /* auxiliary.swift */; };
		1A3447261AB662900018C46F /* auxiliary.swift in Sources */ = {isa = PBXBuildFile; fileRef = 1A3447241AB4C4920018C46F /* auxiliary.swift */; };
		1A3447271AB662A30018C46F /* stringbuilder.swift in Sources */ = {isa = PBXBuildFile; fileRef = 1A3447221AB4B91F0018C46F /* stringbuilder.swift */; };
		1A423C6B1A9C5F720035E327 /* TestCaseChange.swift in Sources */ = {isa = PBXBuildFile; fileRef = 1A423C6A1A9C5F720035E327 /* TestCaseChange.swift */; };
		1A4618D91A78C91700B63550 /* TestLet.swift in Sources */ = {isa = PBXBuildFile; fileRef = 1A4618D81A78C91700B63550 /* TestLet.swift */; };
		1A5530511A45168B00947751 /* description.swift in Sources */ = {isa = PBXBuildFile; fileRef = 1A5530501A45168B00947751 /* description.swift */; };
		1A5710D51A813BAE003C5181 /* TestRest.swift in Sources */ = {isa = PBXBuildFile; fileRef = 1A5710D41A813BAE003C5181 /* TestRest.swift */; };
		1A5710D81A813BDB003C5181 /* TestNext.swift in Sources */ = {isa = PBXBuildFile; fileRef = 1A5710D71A813BDB003C5181 /* TestNext.swift */; };
		1A5710DA1A813BF3003C5181 /* TestSeq.swift in Sources */ = {isa = PBXBuildFile; fileRef = 1A5710D91A813BF3003C5181 /* TestSeq.swift */; };
		1A5710DC1A813C2B003C5181 /* TestConcat.swift in Sources */ = {isa = PBXBuildFile; fileRef = 1A5710DB1A813C2B003C5181 /* TestConcat.swift */; };
		1A57CCCD1A832708003F1E82 /* TestApply.swift in Sources */ = {isa = PBXBuildFile; fileRef = 1A57CCCC1A832708003F1E82 /* TestApply.swift */; };
		1A5DE9731A1D8D1400973951 /* operators.swift in Sources */ = {isa = PBXBuildFile; fileRef = 1A5DE9721A1D8D1400973951 /* operators.swift */; };
		1A69A59B1AC92BF500ED09B2 /* TestNamespace.swift in Sources */ = {isa = PBXBuildFile; fileRef = 1A69A59A1AC92BF500ED09B2 /* TestNamespace.swift */; };
		1A69A59D1ACA606100ED09B2 /* TestNsAliasRelated.swift in Sources */ = {isa = PBXBuildFile; fileRef = 1A69A59C1ACA606100ED09B2 /* TestNsAliasRelated.swift */; };
		1A69A59F1ACA859400ED09B2 /* TestNsBasics.swift in Sources */ = {isa = PBXBuildFile; fileRef = 1A69A59E1ACA859400ED09B2 /* TestNsBasics.swift */; };
		1A69A5A11ACA8F9900ED09B2 /* TestNsReferRelated.swift in Sources */ = {isa = PBXBuildFile; fileRef = 1A69A5A01ACA8F9900ED09B2 /* TestNsReferRelated.swift */; };
		1A7580121A7DE475000FF45D /* TestLexing.swift in Sources */ = {isa = PBXBuildFile; fileRef = 1A7580111A7DE475000FF45D /* TestLexing.swift */; };
		1A7AF6C91A78D811006FC934 /* TestArithmetic.swift in Sources */ = {isa = PBXBuildFile; fileRef = 1A7AF6C81A78D811006FC934 /* TestArithmetic.swift */; };
		1A7D4BC61A64F97500EAF676 /* math.lbt in Resources */ = {isa = PBXBuildFile; fileRef = 1A7D4BC51A64F97500EAF676 /* math.lbt */; };
		1A7D4BC71A64F9CD00EAF676 /* math.lbt in CopyFiles */ = {isa = PBXBuildFile; fileRef = 1A7D4BC51A64F97500EAF676 /* math.lbt */; };
		1A8288281A8C75A40092B828 /* TestRecur.swift in Sources */ = {isa = PBXBuildFile; fileRef = 1A8288271A8C75A40092B828 /* TestRecur.swift */; };
		1A82882A1A8C7E530092B828 /* TestAttempt.swift in Sources */ = {isa = PBXBuildFile; fileRef = 1A8288291A8C7E530092B828 /* TestAttempt.swift */; };
		1A870DF11A8DC926006D9518 /* sequences.swift in Sources */ = {isa = PBXBuildFile; fileRef = 1A870DF01A8DC926006D9518 /* sequences.swift */; };
		1A870DF31A8DD091006D9518 /* TestReduce.swift in Sources */ = {isa = PBXBuildFile; fileRef = 1A870DF21A8DD091006D9518 /* TestReduce.swift */; };
		1A870DF41A8DD25E006D9518 /* sequences.swift in Sources */ = {isa = PBXBuildFile; fileRef = 1A870DF01A8DC926006D9518 /* sequences.swift */; };
		1A8B44F21A7F4D0700E33480 /* TestVector.swift in Sources */ = {isa = PBXBuildFile; fileRef = 1A8B44F11A7F4D0700E33480 /* TestVector.swift */; };
		1A8B44F41A7F4D2300E33480 /* TestHashmap.swift in Sources */ = {isa = PBXBuildFile; fileRef = 1A8B44F31A7F4D2300E33480 /* TestHashmap.swift */; };
		1A8B44F61A7F4D4C00E33480 /* TestSymbol.swift in Sources */ = {isa = PBXBuildFile; fileRef = 1A8B44F51A7F4D4C00E33480 /* TestSymbol.swift */; };
		1A8B44F81A7F4D7400E33480 /* TestKeyword.swift in Sources */ = {isa = PBXBuildFile; fileRef = 1A8B44F71A7F4D7400E33480 /* TestKeyword.swift */; };
		1A8B44FA1A7F4D9C00E33480 /* TestInt.swift in Sources */ = {isa = PBXBuildFile; fileRef = 1A8B44F91A7F4D9C00E33480 /* TestInt.swift */; };
		1A8B44FC1A7F4DD300E33480 /* TestCons.swift in Sources */ = {isa = PBXBuildFile; fileRef = 1A8B44FB1A7F4DD300E33480 /* TestCons.swift */; };
		1A8D0C221ABBF820005FB61A /* sequences.lbt in Resources */ = {isa = PBXBuildFile; fileRef = 1A8D0C211ABBF820005FB61A /* sequences.lbt */; };
		1A8D0C231ABBF835005FB61A /* sequences.lbt in CopyFiles */ = {isa = PBXBuildFile; fileRef = 1A8D0C211ABBF820005FB61A /* sequences.lbt */; };
		1A8D0C5A1ABE064F005FB61A /* TestLazySeqs.swift in Sources */ = {isa = PBXBuildFile; fileRef = 1A8D0C591ABE064F005FB61A /* TestLazySeqs.swift */; };
		1A92A89B1A8C69A9004E0653 /* TestLoop.swift in Sources */ = {isa = PBXBuildFile; fileRef = 1A92A89A1A8C69A9004E0653 /* TestLoop.swift */; };
		1A942AE11A35A94D0036BF5A /* builtin.lbt in Resources */ = {isa = PBXBuildFile; fileRef = 1A942AE01A35A94D0036BF5A /* builtin.lbt */; };
		1A942AE21A35A9E30036BF5A /* builtin.lbt in CopyFiles */ = {isa = PBXBuildFile; fileRef = 1A942AE01A35A94D0036BF5A /* builtin.lbt */; };
		1A98B1121A1C83E700019DB4 /* core.lbt in Resources */ = {isa = PBXBuildFile; fileRef = 1A98B10C1A1C79F300019DB4 /* core.lbt */; };
		1A98B1141A1C84CE00019DB4 /* core.lbt in CopyFiles */ = {isa = PBXBuildFile; fileRef = 1A98B10C1A1C79F300019DB4 /* core.lbt */; };
		1AA5BF8F1AB816C1000FDF63 /* TestSbFunctions.swift in Sources */ = {isa = PBXBuildFile; fileRef = 1AA5BF8E1AB816C1000FDF63 /* TestSbFunctions.swift */; };
		1AAC2DB01A68E8780019A5DD /* core.swift in Sources */ = {isa = PBXBuildFile; fileRef = 1A24D9CB19F71645003980C1 /* core.swift */; };
		1AAC2DB11A68E8780019A5DD /* errors.swift in Sources */ = {isa = PBXBuildFile; fileRef = 1AFF755E1A48D7D000F6BDD9 /* errors.swift */; };
		1AAC2DB21A68E8780019A5DD /* evaluation.swift in Sources */ = {isa = PBXBuildFile; fileRef = 1AFB727C1A2DAE1400A0CB69 /* evaluation.swift */; };
		1AAC2DB31A68E8780019A5DD /* description.swift in Sources */ = {isa = PBXBuildFile; fileRef = 1A5530501A45168B00947751 /* description.swift */; };
		1AAC2DB41A68E8780019A5DD /* readerforms.swift in Sources */ = {isa = PBXBuildFile; fileRef = 1AF1B13F1A1B0C2400C93C60 /* readerforms.swift */; };
		1AAC2DB51A68E8780019A5DD /* specialforms.swift in Sources */ = {isa = PBXBuildFile; fileRef = 1ADAAD9B1A11E2FB00C2223E /* specialforms.swift */; };
		1AAC2DB71A68E8780019A5DD /* fns.swift in Sources */ = {isa = PBXBuildFile; fileRef = 1A28DF541A15B0D80036A562 /* fns.swift */; };
		1AAC2DB91A68E8780019A5DD /* context.swift in Sources */ = {isa = PBXBuildFile; fileRef = 1A24D9D119F72588003980C1 /* context.swift */; };
		1AAC2DBA1A68E8780019A5DD /* interned.swift in Sources */ = {isa = PBXBuildFile; fileRef = 1ACD33181A4500E700A75CAE /* interned.swift */; };
		1AAC2DBB1A68E8780019A5DD /* operators.swift in Sources */ = {isa = PBXBuildFile; fileRef = 1A5DE9721A1D8D1400973951 /* operators.swift */; };
		1AAC2DBC1A68E8780019A5DD /* util.swift in Sources */ = {isa = PBXBuildFile; fileRef = 1A2BA9C91A537BD300E73A17 /* util.swift */; };
		1AAC2DBD1A68E8830019A5DD /* lexer.swift in Sources */ = {isa = PBXBuildFile; fileRef = 1A22BCB21A25B02A00D34872 /* lexer.swift */; };
		1AAC2DBE1A68E8830019A5DD /* parser.swift in Sources */ = {isa = PBXBuildFile; fileRef = 1A22BCB41A25B02A00D34872 /* parser.swift */; };
		1AAC2DBF1A68E8830019A5DD /* loader.swift in Sources */ = {isa = PBXBuildFile; fileRef = 1A22BCB31A25B02A00D34872 /* loader.swift */; };
		1AAC2DC01A68E8860019A5DD /* builtin.swift in Sources */ = {isa = PBXBuildFile; fileRef = 1AC8D3091A3F636800B72D49 /* builtin.swift */; };
		1AAC2DC11A68E8860019A5DD /* collections.swift in Sources */ = {isa = PBXBuildFile; fileRef = 1AC8D30D1A3F63CC00B72D49 /* collections.swift */; };
		1AAC2DC21A68E8860019A5DD /* primitives.swift in Sources */ = {isa = PBXBuildFile; fileRef = 1AD0C7B41A6595E000988ECD /* primitives.swift */; };
		1AAC2DC31A68E8860019A5DD /* querying.swift in Sources */ = {isa = PBXBuildFile; fileRef = 1AC8D30F1A3F63FC00B72D49 /* querying.swift */; };
		1AAC2DC41A68E8860019A5DD /* math.swift in Sources */ = {isa = PBXBuildFile; fileRef = 1AC8D3111A3F645E00B72D49 /* math.swift */; };
		1AAC2DC51A68E8860019A5DD /* miscellaneous.swift in Sources */ = {isa = PBXBuildFile; fileRef = 1AC8D3141A3F64C500B72D49 /* miscellaneous.swift */; };
		1AAC2DCB1A68E90F0019A5DD /* TestSyntaxQuote.swift in Sources */ = {isa = PBXBuildFile; fileRef = 1AAC2DCA1A68E90F0019A5DD /* TestSyntaxQuote.swift */; };
		1AB5D34A1A3EA80F00599861 /* flow.lbt in Resources */ = {isa = PBXBuildFile; fileRef = 1AB5D3491A3EA80F00599861 /* flow.lbt */; };
		1AB5D34B1A3EA88100599861 /* flow.lbt in CopyFiles */ = {isa = PBXBuildFile; fileRef = 1AB5D3491A3EA80F00599861 /* flow.lbt */; };
		1AB79FEC1A89A39800F3B20D /* parameters.swift in Sources */ = {isa = PBXBuildFile; fileRef = 1AB79FEB1A89A39800F3B20D /* parameters.swift */; };
		1AB79FED1A89B26C00F3B20D /* parameters.swift in Sources */ = {isa = PBXBuildFile; fileRef = 1AB79FEB1A89A39800F3B20D /* parameters.swift */; };
		1AC1D9091A80C03100B36B89 /* TestFirst.swift in Sources */ = {isa = PBXBuildFile; fileRef = 1AC1D9081A80C03100B36B89 /* TestFirst.swift */; };
		1AC46BB91A832E3E00C83D27 /* TestTestHelpers.swift in Sources */ = {isa = PBXBuildFile; fileRef = 1AC46BB81A832E3E00C83D27 /* TestTestHelpers.swift */; };
		1AC846BC1ABFF70300292EB4 /* higherorder.lbt in Resources */ = {isa = PBXBuildFile; fileRef = 1AC846BB1ABFF70300292EB4 /* higherorder.lbt */; };
		1AC846BD1ABFF71500292EB4 /* higherorder.lbt in CopyFiles */ = {isa = PBXBuildFile; fileRef = 1AC846BB1ABFF70300292EB4 /* higherorder.lbt */; };
		1AC8D30A1A3F636800B72D49 /* builtin.swift in Sources */ = {isa = PBXBuildFile; fileRef = 1AC8D3091A3F636800B72D49 /* builtin.swift */; };
		1AC8D30E1A3F63CC00B72D49 /* collections.swift in Sources */ = {isa = PBXBuildFile; fileRef = 1AC8D30D1A3F63CC00B72D49 /* collections.swift */; };
		1AC8D3101A3F63FC00B72D49 /* querying.swift in Sources */ = {isa = PBXBuildFile; fileRef = 1AC8D30F1A3F63FC00B72D49 /* querying.swift */; };
		1AC8D3121A3F645E00B72D49 /* math.swift in Sources */ = {isa = PBXBuildFile; fileRef = 1AC8D3111A3F645E00B72D49 /* math.swift */; };
		1AC8D3151A3F64C500B72D49 /* miscellaneous.swift in Sources */ = {isa = PBXBuildFile; fileRef = 1AC8D3141A3F64C500B72D49 /* miscellaneous.swift */; };
		1ACD33191A4500E700A75CAE /* interned.swift in Sources */ = {isa = PBXBuildFile; fileRef = 1ACD33181A4500E700A75CAE /* interned.swift */; };
		1ACEDAA61A91D35700C6EB43 /* TestGet.swift in Sources */ = {isa = PBXBuildFile; fileRef = 1ACEDAA51A91D35700C6EB43 /* TestGet.swift */; };
		1ACEDAA81A91D36900C6EB43 /* TestAssoc.swift in Sources */ = {isa = PBXBuildFile; fileRef = 1ACEDAA71A91D36900C6EB43 /* TestAssoc.swift */; };
		1ACEDAAA1A91D37200C6EB43 /* TestDissoc.swift in Sources */ = {isa = PBXBuildFile; fileRef = 1ACEDAA91A91D37200C6EB43 /* TestDissoc.swift */; };
		1ACEDAAD1A91D39E00C6EB43 /* TestComparisons.swift in Sources */ = {isa = PBXBuildFile; fileRef = 1ACEDAAC1A91D39E00C6EB43 /* TestComparisons.swift */; };
		1ACEDAAF1A91D3DE00C6EB43 /* TestIO.swift in Sources */ = {isa = PBXBuildFile; fileRef = 1ACEDAAE1A91D3DE00C6EB43 /* TestIO.swift */; };
		1ACEDAB11A91D3ED00C6EB43 /* TestEval.swift in Sources */ = {isa = PBXBuildFile; fileRef = 1ACEDAB01A91D3ED00C6EB43 /* TestEval.swift */; };
		1ACEDAB31A91D40400C6EB43 /* TestReadString.swift in Sources */ = {isa = PBXBuildFile; fileRef = 1ACEDAB21A91D40400C6EB43 /* TestReadString.swift */; };
		1ACEDAB41A931FD300C6EB43 /* regex.swift in Sources */ = {isa = PBXBuildFile; fileRef = 1AD750351A8F463F00A4885E /* regex.swift */; };
		1ACFB1901A21BD82000FB61F /* commands.swift in Sources */ = {isa = PBXBuildFile; fileRef = 1ACFB18F1A21BD82000FB61F /* commands.swift */; };
		1ACFB1921A21C011000FB61F /* logging.swift in Sources */ = {isa = PBXBuildFile; fileRef = 1ACFB1911A21C011000FB61F /* logging.swift */; };
		1ACFB1941A256008000FB61F /* repl.swift in Sources */ = {isa = PBXBuildFile; fileRef = 1ACFB1931A256008000FB61F /* repl.swift */; };
		1AD0C7B51A6595E000988ECD /* primitives.swift in Sources */ = {isa = PBXBuildFile; fileRef = 1AD0C7B41A6595E000988ECD /* primitives.swift */; };
		1AD750361A8F463F00A4885E /* regex.swift in Sources */ = {isa = PBXBuildFile; fileRef = 1AD750351A8F463F00A4885E /* regex.swift */; };
		1AD78B821A86D2C200970022 /* TestScoping.swift in Sources */ = {isa = PBXBuildFile; fileRef = 1AD78B811A86D2C200970022 /* TestScoping.swift */; };
		1AD78B841A86D71000970022 /* TestDefmacro.swift in Sources */ = {isa = PBXBuildFile; fileRef = 1AD78B831A86D71000970022 /* TestDefmacro.swift */; };
		1ADAAD9C1A11E2FB00C2223E /* specialforms.swift in Sources */ = {isa = PBXBuildFile; fileRef = 1ADAAD9B1A11E2FB00C2223E /* specialforms.swift */; };
		1AE3C3331A7F217E00197785 /* TestList.swift in Sources */ = {isa = PBXBuildFile; fileRef = 1AE3C3321A7F217E00197785 /* TestList.swift */; };
		1AEBE7311A95A34200C42E77 /* strings.swift in Sources */ = {isa = PBXBuildFile; fileRef = 1AEBE7301A95A34200C42E77 /* strings.swift */; };
		1AEBE7321A95CF4E00C42E77 /* strings.swift in Sources */ = {isa = PBXBuildFile; fileRef = 1AEBE7301A95A34200C42E77 /* strings.swift */; };
		1AEC4DAA1A9B1F0100C70A27 /* TestCount.swift in Sources */ = {isa = PBXBuildFile; fileRef = 1AEC4DA91A9B1F0100C70A27 /* TestCount.swift */; };
		1AEEFEEE1A884F0500F682BB /* TestEquals.swift in Sources */ = {isa = PBXBuildFile; fileRef = 1AEEFEED1A884F0500F682BB /* TestEquals.swift */; };
		1AF1B1401A1B0C2400C93C60 /* readerforms.swift in Sources */ = {isa = PBXBuildFile; fileRef = 1AF1B13F1A1B0C2400C93C60 /* readerforms.swift */; };
		1AF4FC531A6F3BDD00AE218E /* TestDef.swift in Sources */ = {isa = PBXBuildFile; fileRef = 1AF4FC521A6F3BDD00AE218E /* TestDef.swift */; };
		1AFB727D1A2DAE1400A0CB69 /* evaluation.swift in Sources */ = {isa = PBXBuildFile; fileRef = 1AFB727C1A2DAE1400A0CB69 /* evaluation.swift */; };
		1AFF755F1A48D7D000F6BDD9 /* errors.swift in Sources */ = {isa = PBXBuildFile; fileRef = 1AFF755E1A48D7D000F6BDD9 /* errors.swift */; };
		FB50163F1A37E29C004A2BFE /* LineReader.m in Sources */ = {isa = PBXBuildFile; fileRef = FB50163E1A37E29C004A2BFE /* LineReader.m */; };
		FB5016431A38B150004A2BFE /* libedit.3.0.dylib in Frameworks */ = {isa = PBXBuildFile; fileRef = FB5016421A38B150004A2BFE /* libedit.3.0.dylib */; };
/* End PBXBuildFile section */

/* Begin PBXCopyFilesBuildPhase section */
		1A98B1131A1C84C800019DB4 /* CopyFiles */ = {
			isa = PBXCopyFilesBuildPhase;
			buildActionMask = 2147483647;
			dstPath = "";
			dstSubfolderSpec = 7;
			files = (
				1AC846BD1ABFF71500292EB4 /* higherorder.lbt in CopyFiles */,
				1A8D0C231ABBF835005FB61A /* sequences.lbt in CopyFiles */,
				1A7D4BC71A64F9CD00EAF676 /* math.lbt in CopyFiles */,
				1AB5D34B1A3EA88100599861 /* flow.lbt in CopyFiles */,
				1A942AE21A35A9E30036BF5A /* builtin.lbt in CopyFiles */,
				1A98B1141A1C84CE00019DB4 /* core.lbt in CopyFiles */,
			);
			runOnlyForDeploymentPostprocessing = 0;
		};
/* End PBXCopyFilesBuildPhase section */

/* Begin PBXFileReference section */
		1A0252B81AC6411700FFBBA4 /* TestNamespaces.swift */ = {isa = PBXFileReference; fileEncoding = 4; lastKnownFileType = sourcecode.swift; name = TestNamespaces.swift; path = Core/TestNamespaces.swift; sourceTree = "<group>"; };
		1A0288C51A834E1400589C23 /* TestConj.swift */ = {isa = PBXFileReference; fileEncoding = 4; lastKnownFileType = sourcecode.swift; name = TestConj.swift; path = Builtins/TestConj.swift; sourceTree = "<group>"; };
		1A03F3711AB4AF1C003233A5 /* TestSubs.swift */ = {isa = PBXFileReference; fileEncoding = 4; lastKnownFileType = sourcecode.swift; name = TestSubs.swift; path = Builtins/TestSubs.swift; sourceTree = "<group>"; };
		1A03F3731AB4AF3F003233A5 /* TestReplace.swift */ = {isa = PBXFileReference; fileEncoding = 4; lastKnownFileType = sourcecode.swift; name = TestReplace.swift; path = Builtins/TestReplace.swift; sourceTree = "<group>"; };
		1A03F3751AB4AF4B003233A5 /* TestReplaceFirst.swift */ = {isa = PBXFileReference; fileEncoding = 4; lastKnownFileType = sourcecode.swift; name = TestReplaceFirst.swift; path = Builtins/TestReplaceFirst.swift; sourceTree = "<group>"; };
		1A03F3771AB4AF71003233A5 /* TestRePattern.swift */ = {isa = PBXFileReference; fileEncoding = 4; lastKnownFileType = sourcecode.swift; name = TestRePattern.swift; path = Builtins/TestRePattern.swift; sourceTree = "<group>"; };
		1A03F3791AB4AF8D003233A5 /* TestReFirst.swift */ = {isa = PBXFileReference; fileEncoding = 4; lastKnownFileType = sourcecode.swift; name = TestReFirst.swift; path = Builtins/TestReFirst.swift; sourceTree = "<group>"; };
		1A03F37B1AB4AFA3003233A5 /* TestReSeq.swift */ = {isa = PBXFileReference; fileEncoding = 4; lastKnownFileType = sourcecode.swift; name = TestReSeq.swift; path = Builtins/TestReSeq.swift; sourceTree = "<group>"; };
		1A03F37D1AB4AFB0003233A5 /* TestReIterate.swift */ = {isa = PBXFileReference; fileEncoding = 4; lastKnownFileType = sourcecode.swift; name = TestReIterate.swift; path = Builtins/TestReIterate.swift; sourceTree = "<group>"; };
		1A03F37F1AB4AFC2003233A5 /* TestReQuoteReplace.swift */ = {isa = PBXFileReference; fileEncoding = 4; lastKnownFileType = sourcecode.swift; name = TestReQuoteReplace.swift; path = Builtins/TestReQuoteReplace.swift; sourceTree = "<group>"; };
		1A0B02C71A68F96F007EF0F2 /* interpreter.swift */ = {isa = PBXFileReference; fileEncoding = 4; lastKnownFileType = sourcecode.swift; path = interpreter.swift; sourceTree = "<group>"; };
		1A0B02D01A69E2FF007EF0F2 /* TestNth.swift */ = {isa = PBXFileReference; fileEncoding = 4; lastKnownFileType = sourcecode.swift; name = TestNth.swift; path = Builtins/TestNth.swift; sourceTree = "<group>"; };
		1A0B02D51A69E328007EF0F2 /* TestFnPosition.swift */ = {isa = PBXFileReference; fileEncoding = 4; lastKnownFileType = sourcecode.swift; name = TestFnPosition.swift; path = Core/TestFnPosition.swift; sourceTree = "<group>"; };
		1A0B02D71A69E357007EF0F2 /* InterpreterTest.swift */ = {isa = PBXFileReference; fileEncoding = 4; lastKnownFileType = sourcecode.swift; path = InterpreterTest.swift; sourceTree = "<group>"; };
		1A1269841A9C428100744F10 /* TestStr.swift */ = {isa = PBXFileReference; fileEncoding = 4; lastKnownFileType = sourcecode.swift; name = TestStr.swift; path = Builtins/TestStr.swift; sourceTree = "<group>"; };
		1A1269861A9C51BD00744F10 /* TestDescribing.swift */ = {isa = PBXFileReference; fileEncoding = 4; lastKnownFileType = sourcecode.swift; name = TestDescribing.swift; path = Core/TestDescribing.swift; sourceTree = "<group>"; };
		1A1269881A9C549D00744F10 /* rawstrings.txt */ = {isa = PBXFileReference; fileEncoding = 4; lastKnownFileType = text; name = rawstrings.txt; path = SupportingFiles/rawstrings.txt; sourceTree = "<group>"; };
		1A1579781A6FA45B0013D21B /* TestRand.swift */ = {isa = PBXFileReference; fileEncoding = 4; lastKnownFileType = sourcecode.swift; name = TestRand.swift; path = Builtins/TestRand.swift; sourceTree = "<group>"; };
		1A15797A1A71FF290013D21B /* TestDouble.swift */ = {isa = PBXFileReference; fileEncoding = 4; lastKnownFileType = sourcecode.swift; name = TestDouble.swift; path = Builtins/TestDouble.swift; sourceTree = "<group>"; };
		1A1687741A6DDF4800DB26E2 /* TestEvaluating.swift */ = {isa = PBXFileReference; fileEncoding = 4; lastKnownFileType = sourcecode.swift; name = TestEvaluating.swift; path = Core/TestEvaluating.swift; sourceTree = "<group>"; };
		1A1687771A6DE1EF00DB26E2 /* TestIf.swift */ = {isa = PBXFileReference; fileEncoding = 4; lastKnownFileType = sourcecode.swift; name = TestIf.swift; path = SpecialForms/TestIf.swift; sourceTree = "<group>"; };
		1A1687791A6DE49100DB26E2 /* TestQueries.swift */ = {isa = PBXFileReference; fileEncoding = 4; lastKnownFileType = sourcecode.swift; name = TestQueries.swift; path = Builtins/TestQueries.swift; sourceTree = "<group>"; };
		1A16877B1A6F347C00DB26E2 /* TestQuote.swift */ = {isa = PBXFileReference; fileEncoding = 4; lastKnownFileType = sourcecode.swift; name = TestQuote.swift; path = SpecialForms/TestQuote.swift; sourceTree = "<group>"; };
		1A16877E1A6F362F00DB26E2 /* TestDo.swift */ = {isa = PBXFileReference; fileEncoding = 4; lastKnownFileType = sourcecode.swift; name = TestDo.swift; path = SpecialForms/TestDo.swift; sourceTree = "<group>"; };
		1A22BCB21A25B02A00D34872 /* lexer.swift */ = {isa = PBXFileReference; fileEncoding = 4; lastKnownFileType = sourcecode.swift; name = lexer.swift; path = reader/lexer.swift; sourceTree = "<group>"; };
		1A22BCB31A25B02A00D34872 /* loader.swift */ = {isa = PBXFileReference; fileEncoding = 4; lastKnownFileType = sourcecode.swift; name = loader.swift; path = reader/loader.swift; sourceTree = "<group>"; };
		1A22BCB41A25B02A00D34872 /* parser.swift */ = {isa = PBXFileReference; fileEncoding = 4; lastKnownFileType = sourcecode.swift; name = parser.swift; path = reader/parser.swift; sourceTree = "<group>"; };
		1A24D9CB19F71645003980C1 /* core.swift */ = {isa = PBXFileReference; fileEncoding = 4; lastKnownFileType = sourcecode.swift; path = core.swift; sourceTree = "<group>"; };
		1A24D9D119F72588003980C1 /* context.swift */ = {isa = PBXFileReference; fileEncoding = 4; lastKnownFileType = sourcecode.swift; path = context.swift; sourceTree = "<group>"; };
		1A270BFE1A85EE3000B2EAFD /* TestFn.swift */ = {isa = PBXFileReference; fileEncoding = 4; lastKnownFileType = sourcecode.swift; name = TestFn.swift; path = SpecialForms/TestFn.swift; sourceTree = "<group>"; };
		1A2822A21A73715E004A0E35 /* TestLists.swift */ = {isa = PBXFileReference; fileEncoding = 4; lastKnownFileType = sourcecode.swift; name = TestLists.swift; path = Core/TestLists.swift; sourceTree = "<group>"; };
		1A28DF541A15B0D80036A562 /* fns.swift */ = {isa = PBXFileReference; fileEncoding = 4; lastKnownFileType = sourcecode.swift; path = fns.swift; sourceTree = "<group>"; };
		1A2B81B21AC5207C009C76A4 /* namespaces.swift */ = {isa = PBXFileReference; fileEncoding = 4; lastKnownFileType = sourcecode.swift; name = namespaces.swift; path = builtin/namespaces.swift; sourceTree = "<group>"; };
		1A2BA9C91A537BD300E73A17 /* util.swift */ = {isa = PBXFileReference; fileEncoding = 4; lastKnownFileType = sourcecode.swift; path = util.swift; sourceTree = "<group>"; };
		1A2BA9D41A537E0100E73A17 /* main.swift */ = {isa = PBXFileReference; fileEncoding = 4; lastKnownFileType = sourcecode.swift; name = main.swift; path = executable/main.swift; sourceTree = "<group>"; };
		1A2FDF4E1A6B928800E627A2 /* TestParsing.swift */ = {isa = PBXFileReference; fileEncoding = 4; lastKnownFileType = sourcecode.swift; name = TestParsing.swift; path = Core/TestParsing.swift; sourceTree = "<group>"; };
		1A3447221AB4B91F0018C46F /* stringbuilder.swift */ = {isa = PBXFileReference; fileEncoding = 4; lastKnownFileType = sourcecode.swift; name = stringbuilder.swift; path = builtin/stringbuilder.swift; sourceTree = "<group>"; };
		1A3447241AB4C4920018C46F /* auxiliary.swift */ = {isa = PBXFileReference; fileEncoding = 4; lastKnownFileType = sourcecode.swift; path = auxiliary.swift; sourceTree = "<group>"; };
		1A423C6A1A9C5F720035E327 /* TestCaseChange.swift */ = {isa = PBXFileReference; fileEncoding = 4; lastKnownFileType = sourcecode.swift; name = TestCaseChange.swift; path = Builtins/TestCaseChange.swift; sourceTree = "<group>"; };
		1A4618D81A78C91700B63550 /* TestLet.swift */ = {isa = PBXFileReference; fileEncoding = 4; lastKnownFileType = sourcecode.swift; name = TestLet.swift; path = SpecialForms/TestLet.swift; sourceTree = "<group>"; };
		1A5530501A45168B00947751 /* description.swift */ = {isa = PBXFileReference; fileEncoding = 4; lastKnownFileType = sourcecode.swift; path = description.swift; sourceTree = "<group>"; };
		1A5710D41A813BAE003C5181 /* TestRest.swift */ = {isa = PBXFileReference; fileEncoding = 4; lastKnownFileType = sourcecode.swift; name = TestRest.swift; path = Builtins/TestRest.swift; sourceTree = "<group>"; };
		1A5710D71A813BDB003C5181 /* TestNext.swift */ = {isa = PBXFileReference; fileEncoding = 4; lastKnownFileType = sourcecode.swift; name = TestNext.swift; path = Builtins/TestNext.swift; sourceTree = "<group>"; };
		1A5710D91A813BF3003C5181 /* TestSeq.swift */ = {isa = PBXFileReference; fileEncoding = 4; lastKnownFileType = sourcecode.swift; name = TestSeq.swift; path = Builtins/TestSeq.swift; sourceTree = "<group>"; };
		1A5710DB1A813C2B003C5181 /* TestConcat.swift */ = {isa = PBXFileReference; fileEncoding = 4; lastKnownFileType = sourcecode.swift; name = TestConcat.swift; path = Builtins/TestConcat.swift; sourceTree = "<group>"; };
		1A57CCCC1A832708003F1E82 /* TestApply.swift */ = {isa = PBXFileReference; fileEncoding = 4; lastKnownFileType = sourcecode.swift; name = TestApply.swift; path = SpecialForms/TestApply.swift; sourceTree = "<group>"; };
		1A5DE9721A1D8D1400973951 /* operators.swift */ = {isa = PBXFileReference; fileEncoding = 4; lastKnownFileType = sourcecode.swift; path = operators.swift; sourceTree = "<group>"; };
		1A69A59A1AC92BF500ED09B2 /* TestNamespace.swift */ = {isa = PBXFileReference; fileEncoding = 4; lastKnownFileType = sourcecode.swift; name = TestNamespace.swift; path = Builtins/TestNamespace.swift; sourceTree = "<group>"; };
		1A69A59C1ACA606100ED09B2 /* TestNsAliasRelated.swift */ = {isa = PBXFileReference; fileEncoding = 4; lastKnownFileType = sourcecode.swift; name = TestNsAliasRelated.swift; path = Builtins/TestNsAliasRelated.swift; sourceTree = "<group>"; };
		1A69A59E1ACA859400ED09B2 /* TestNsBasics.swift */ = {isa = PBXFileReference; fileEncoding = 4; lastKnownFileType = sourcecode.swift; name = TestNsBasics.swift; path = Builtins/TestNsBasics.swift; sourceTree = "<group>"; };
		1A69A5A01ACA8F9900ED09B2 /* TestNsReferRelated.swift */ = {isa = PBXFileReference; fileEncoding = 4; lastKnownFileType = sourcecode.swift; name = TestNsReferRelated.swift; path = Builtins/TestNsReferRelated.swift; sourceTree = "<group>"; };
		1A73F0D519F7138100F266DA /* Lambdatron */ = {isa = PBXFileReference; explicitFileType = "compiled.mach-o.executable"; includeInIndex = 0; path = Lambdatron; sourceTree = BUILT_PRODUCTS_DIR; };
		1A7580111A7DE475000FF45D /* TestLexing.swift */ = {isa = PBXFileReference; fileEncoding = 4; lastKnownFileType = sourcecode.swift; name = TestLexing.swift; path = Core/TestLexing.swift; sourceTree = "<group>"; };
		1A7AF6C81A78D811006FC934 /* TestArithmetic.swift */ = {isa = PBXFileReference; fileEncoding = 4; lastKnownFileType = sourcecode.swift; name = TestArithmetic.swift; path = Builtins/TestArithmetic.swift; sourceTree = "<group>"; };
		1A7D4BC51A64F97500EAF676 /* math.lbt */ = {isa = PBXFileReference; fileEncoding = 4; lastKnownFileType = text; name = math.lbt; path = stdlib/math.lbt; sourceTree = "<group>"; };
		1A8288271A8C75A40092B828 /* TestRecur.swift */ = {isa = PBXFileReference; fileEncoding = 4; lastKnownFileType = sourcecode.swift; name = TestRecur.swift; path = SpecialForms/TestRecur.swift; sourceTree = "<group>"; };
		1A8288291A8C7E530092B828 /* TestAttempt.swift */ = {isa = PBXFileReference; fileEncoding = 4; lastKnownFileType = sourcecode.swift; name = TestAttempt.swift; path = SpecialForms/TestAttempt.swift; sourceTree = "<group>"; };
		1A870DF01A8DC926006D9518 /* sequences.swift */ = {isa = PBXFileReference; fileEncoding = 4; lastKnownFileType = sourcecode.swift; path = sequences.swift; sourceTree = "<group>"; };
		1A870DF21A8DD091006D9518 /* TestReduce.swift */ = {isa = PBXFileReference; fileEncoding = 4; lastKnownFileType = sourcecode.swift; name = TestReduce.swift; path = Builtins/TestReduce.swift; sourceTree = "<group>"; };
		1A8B44F11A7F4D0700E33480 /* TestVector.swift */ = {isa = PBXFileReference; fileEncoding = 4; lastKnownFileType = sourcecode.swift; name = TestVector.swift; path = Builtins/TestVector.swift; sourceTree = "<group>"; };
		1A8B44F31A7F4D2300E33480 /* TestHashmap.swift */ = {isa = PBXFileReference; fileEncoding = 4; lastKnownFileType = sourcecode.swift; name = TestHashmap.swift; path = Builtins/TestHashmap.swift; sourceTree = "<group>"; };
		1A8B44F51A7F4D4C00E33480 /* TestSymbol.swift */ = {isa = PBXFileReference; fileEncoding = 4; lastKnownFileType = sourcecode.swift; name = TestSymbol.swift; path = Builtins/TestSymbol.swift; sourceTree = "<group>"; };
		1A8B44F71A7F4D7400E33480 /* TestKeyword.swift */ = {isa = PBXFileReference; fileEncoding = 4; lastKnownFileType = sourcecode.swift; name = TestKeyword.swift; path = Builtins/TestKeyword.swift; sourceTree = "<group>"; };
		1A8B44F91A7F4D9C00E33480 /* TestInt.swift */ = {isa = PBXFileReference; fileEncoding = 4; lastKnownFileType = sourcecode.swift; name = TestInt.swift; path = Builtins/TestInt.swift; sourceTree = "<group>"; };
		1A8B44FB1A7F4DD300E33480 /* TestCons.swift */ = {isa = PBXFileReference; fileEncoding = 4; lastKnownFileType = sourcecode.swift; name = TestCons.swift; path = Builtins/TestCons.swift; sourceTree = "<group>"; };
		1A8D0C211ABBF820005FB61A /* sequences.lbt */ = {isa = PBXFileReference; fileEncoding = 4; lastKnownFileType = text; name = sequences.lbt; path = stdlib/sequences.lbt; sourceTree = "<group>"; };
		1A8D0C591ABE064F005FB61A /* TestLazySeqs.swift */ = {isa = PBXFileReference; fileEncoding = 4; lastKnownFileType = sourcecode.swift; name = TestLazySeqs.swift; path = Core/TestLazySeqs.swift; sourceTree = "<group>"; };
		1A92A89A1A8C69A9004E0653 /* TestLoop.swift */ = {isa = PBXFileReference; fileEncoding = 4; lastKnownFileType = sourcecode.swift; name = TestLoop.swift; path = SpecialForms/TestLoop.swift; sourceTree = "<group>"; };
		1A942AE01A35A94D0036BF5A /* builtin.lbt */ = {isa = PBXFileReference; fileEncoding = 4; lastKnownFileType = text; name = builtin.lbt; path = stdlib/builtin.lbt; sourceTree = "<group>"; };
		1A98B10C1A1C79F300019DB4 /* core.lbt */ = {isa = PBXFileReference; fileEncoding = 4; lastKnownFileType = text; name = core.lbt; path = stdlib/core.lbt; sourceTree = "<group>"; };
		1AA5BF8E1AB816C1000FDF63 /* TestSbFunctions.swift */ = {isa = PBXFileReference; fileEncoding = 4; lastKnownFileType = sourcecode.swift; name = TestSbFunctions.swift; path = Builtins/TestSbFunctions.swift; sourceTree = "<group>"; };
		1AAC2DA71A68E86E0019A5DD /* LambdatronTests.xctest */ = {isa = PBXFileReference; explicitFileType = wrapper.cfbundle; includeInIndex = 0; path = LambdatronTests.xctest; sourceTree = BUILT_PRODUCTS_DIR; };
		1AAC2DAA1A68E86E0019A5DD /* Info.plist */ = {isa = PBXFileReference; lastKnownFileType = text.plist.xml; path = Info.plist; sourceTree = "<group>"; };
		1AAC2DCA1A68E90F0019A5DD /* TestSyntaxQuote.swift */ = {isa = PBXFileReference; fileEncoding = 4; lastKnownFileType = sourcecode.swift; name = TestSyntaxQuote.swift; path = Reader/TestSyntaxQuote.swift; sourceTree = "<group>"; };
		1AB5D3491A3EA80F00599861 /* flow.lbt */ = {isa = PBXFileReference; fileEncoding = 4; lastKnownFileType = text; name = flow.lbt; path = stdlib/flow.lbt; sourceTree = "<group>"; };
		1AB79FEB1A89A39800F3B20D /* parameters.swift */ = {isa = PBXFileReference; fileEncoding = 4; lastKnownFileType = sourcecode.swift; path = parameters.swift; sourceTree = "<group>"; };
		1AC1D9081A80C03100B36B89 /* TestFirst.swift */ = {isa = PBXFileReference; fileEncoding = 4; lastKnownFileType = sourcecode.swift; name = TestFirst.swift; path = Builtins/TestFirst.swift; sourceTree = "<group>"; };
		1AC46BB81A832E3E00C83D27 /* TestTestHelpers.swift */ = {isa = PBXFileReference; fileEncoding = 4; lastKnownFileType = sourcecode.swift; name = TestTestHelpers.swift; path = Meta/TestTestHelpers.swift; sourceTree = "<group>"; };
		1AC846BB1ABFF70300292EB4 /* higherorder.lbt */ = {isa = PBXFileReference; fileEncoding = 4; lastKnownFileType = text; name = higherorder.lbt; path = stdlib/higherorder.lbt; sourceTree = "<group>"; };
		1AC8D3091A3F636800B72D49 /* builtin.swift */ = {isa = PBXFileReference; fileEncoding = 4; lastKnownFileType = sourcecode.swift; name = builtin.swift; path = builtin/builtin.swift; sourceTree = "<group>"; };
		1AC8D30D1A3F63CC00B72D49 /* collections.swift */ = {isa = PBXFileReference; fileEncoding = 4; lastKnownFileType = sourcecode.swift; name = collections.swift; path = builtin/collections.swift; sourceTree = "<group>"; };
		1AC8D30F1A3F63FC00B72D49 /* querying.swift */ = {isa = PBXFileReference; fileEncoding = 4; lastKnownFileType = sourcecode.swift; name = querying.swift; path = builtin/querying.swift; sourceTree = "<group>"; };
		1AC8D3111A3F645E00B72D49 /* math.swift */ = {isa = PBXFileReference; fileEncoding = 4; lastKnownFileType = sourcecode.swift; name = math.swift; path = builtin/math.swift; sourceTree = "<group>"; };
		1AC8D3141A3F64C500B72D49 /* miscellaneous.swift */ = {isa = PBXFileReference; fileEncoding = 4; lastKnownFileType = sourcecode.swift; name = miscellaneous.swift; path = builtin/miscellaneous.swift; sourceTree = "<group>"; };
		1ACD33181A4500E700A75CAE /* interned.swift */ = {isa = PBXFileReference; fileEncoding = 4; lastKnownFileType = sourcecode.swift; path = interned.swift; sourceTree = "<group>"; };
		1ACEDAA51A91D35700C6EB43 /* TestGet.swift */ = {isa = PBXFileReference; fileEncoding = 4; lastKnownFileType = sourcecode.swift; name = TestGet.swift; path = Builtins/TestGet.swift; sourceTree = "<group>"; };
		1ACEDAA71A91D36900C6EB43 /* TestAssoc.swift */ = {isa = PBXFileReference; fileEncoding = 4; lastKnownFileType = sourcecode.swift; name = TestAssoc.swift; path = Builtins/TestAssoc.swift; sourceTree = "<group>"; };
		1ACEDAA91A91D37200C6EB43 /* TestDissoc.swift */ = {isa = PBXFileReference; fileEncoding = 4; lastKnownFileType = sourcecode.swift; name = TestDissoc.swift; path = Builtins/TestDissoc.swift; sourceTree = "<group>"; };
		1ACEDAAC1A91D39E00C6EB43 /* TestComparisons.swift */ = {isa = PBXFileReference; fileEncoding = 4; lastKnownFileType = sourcecode.swift; name = TestComparisons.swift; path = Builtins/TestComparisons.swift; sourceTree = "<group>"; };
		1ACEDAAE1A91D3DE00C6EB43 /* TestIO.swift */ = {isa = PBXFileReference; fileEncoding = 4; lastKnownFileType = sourcecode.swift; name = TestIO.swift; path = Builtins/TestIO.swift; sourceTree = "<group>"; };
		1ACEDAB01A91D3ED00C6EB43 /* TestEval.swift */ = {isa = PBXFileReference; fileEncoding = 4; lastKnownFileType = sourcecode.swift; name = TestEval.swift; path = Builtins/TestEval.swift; sourceTree = "<group>"; };
		1ACEDAB21A91D40400C6EB43 /* TestReadString.swift */ = {isa = PBXFileReference; fileEncoding = 4; lastKnownFileType = sourcecode.swift; name = TestReadString.swift; path = Builtins/TestReadString.swift; sourceTree = "<group>"; };
		1ACFB18F1A21BD82000FB61F /* commands.swift */ = {isa = PBXFileReference; fileEncoding = 4; lastKnownFileType = sourcecode.swift; name = commands.swift; path = REPL/commands.swift; sourceTree = "<group>"; };
		1ACFB1911A21C011000FB61F /* logging.swift */ = {isa = PBXFileReference; fileEncoding = 4; lastKnownFileType = sourcecode.swift; name = logging.swift; path = REPL/logging.swift; sourceTree = "<group>"; };
		1ACFB1931A256008000FB61F /* repl.swift */ = {isa = PBXFileReference; fileEncoding = 4; lastKnownFileType = sourcecode.swift; name = repl.swift; path = REPL/repl.swift; sourceTree = "<group>"; };
		1AD0C7B41A6595E000988ECD /* primitives.swift */ = {isa = PBXFileReference; fileEncoding = 4; lastKnownFileType = sourcecode.swift; name = primitives.swift; path = builtin/primitives.swift; sourceTree = "<group>"; };
		1AD750351A8F463F00A4885E /* regex.swift */ = {isa = PBXFileReference; fileEncoding = 4; lastKnownFileType = sourcecode.swift; name = regex.swift; path = builtin/regex.swift; sourceTree = "<group>"; };
		1AD78B811A86D2C200970022 /* TestScoping.swift */ = {isa = PBXFileReference; fileEncoding = 4; lastKnownFileType = sourcecode.swift; name = TestScoping.swift; path = Core/TestScoping.swift; sourceTree = "<group>"; };
		1AD78B831A86D71000970022 /* TestDefmacro.swift */ = {isa = PBXFileReference; fileEncoding = 4; lastKnownFileType = sourcecode.swift; name = TestDefmacro.swift; path = SpecialForms/TestDefmacro.swift; sourceTree = "<group>"; };
		1ADAAD9B1A11E2FB00C2223E /* specialforms.swift */ = {isa = PBXFileReference; fileEncoding = 4; lastKnownFileType = sourcecode.swift; path = specialforms.swift; sourceTree = "<group>"; };
		1AE3C3321A7F217E00197785 /* TestList.swift */ = {isa = PBXFileReference; fileEncoding = 4; lastKnownFileType = sourcecode.swift; name = TestList.swift; path = Builtins/TestList.swift; sourceTree = "<group>"; };
		1AEBE7301A95A34200C42E77 /* strings.swift */ = {isa = PBXFileReference; fileEncoding = 4; lastKnownFileType = sourcecode.swift; name = strings.swift; path = builtin/strings.swift; sourceTree = "<group>"; };
		1AEC4DA91A9B1F0100C70A27 /* TestCount.swift */ = {isa = PBXFileReference; fileEncoding = 4; lastKnownFileType = sourcecode.swift; name = TestCount.swift; path = Builtins/TestCount.swift; sourceTree = "<group>"; };
		1AEEFEED1A884F0500F682BB /* TestEquals.swift */ = {isa = PBXFileReference; fileEncoding = 4; lastKnownFileType = sourcecode.swift; name = TestEquals.swift; path = Builtins/TestEquals.swift; sourceTree = "<group>"; };
		1AF1B13F1A1B0C2400C93C60 /* readerforms.swift */ = {isa = PBXFileReference; fileEncoding = 4; lastKnownFileType = sourcecode.swift; path = readerforms.swift; sourceTree = "<group>"; };
		1AF4FC521A6F3BDD00AE218E /* TestDef.swift */ = {isa = PBXFileReference; fileEncoding = 4; lastKnownFileType = sourcecode.swift; name = TestDef.swift; path = SpecialForms/TestDef.swift; sourceTree = "<group>"; };
		1AFB727C1A2DAE1400A0CB69 /* evaluation.swift */ = {isa = PBXFileReference; fileEncoding = 4; lastKnownFileType = sourcecode.swift; path = evaluation.swift; sourceTree = "<group>"; };
		1AFF755E1A48D7D000F6BDD9 /* errors.swift */ = {isa = PBXFileReference; fileEncoding = 4; lastKnownFileType = sourcecode.swift; path = errors.swift; sourceTree = "<group>"; };
		FB50163D1A37E29B004A2BFE /* Lambdatron-Bridging-Header.h */ = {isa = PBXFileReference; lastKnownFileType = sourcecode.c.h; path = "Lambdatron-Bridging-Header.h"; sourceTree = "<group>"; };
		FB50163E1A37E29C004A2BFE /* LineReader.m */ = {isa = PBXFileReference; fileEncoding = 4; lastKnownFileType = sourcecode.c.objc; name = LineReader.m; path = REPL/LineReader.m; sourceTree = "<group>"; };
		FB5016401A37E4A4004A2BFE /* LineReader.h */ = {isa = PBXFileReference; fileEncoding = 4; lastKnownFileType = sourcecode.c.h; path = LineReader.h; sourceTree = "<group>"; };
		FB5016421A38B150004A2BFE /* libedit.3.0.dylib */ = {isa = PBXFileReference; lastKnownFileType = "compiled.mach-o.dylib"; name = libedit.3.0.dylib; path = usr/lib/libedit.3.0.dylib; sourceTree = SDKROOT; };
/* End PBXFileReference section */

/* Begin PBXFrameworksBuildPhase section */
		1A73F0D219F7138100F266DA /* Frameworks */ = {
			isa = PBXFrameworksBuildPhase;
			buildActionMask = 2147483647;
			files = (
				FB5016431A38B150004A2BFE /* libedit.3.0.dylib in Frameworks */,
			);
			runOnlyForDeploymentPostprocessing = 0;
		};
		1AAC2DA41A68E86E0019A5DD /* Frameworks */ = {
			isa = PBXFrameworksBuildPhase;
			buildActionMask = 2147483647;
			files = (
			);
			runOnlyForDeploymentPostprocessing = 0;
		};
/* End PBXFrameworksBuildPhase section */

/* Begin PBXGroup section */
		1A0B02CF1A69E2DF007EF0F2 /* Builtins */ = {
			isa = PBXGroup;
			children = (
				1A69A59E1ACA859400ED09B2 /* TestNsBasics.swift */,
				1A69A59C1ACA606100ED09B2 /* TestNsAliasRelated.swift */,
				1A69A5A01ACA8F9900ED09B2 /* TestNsReferRelated.swift */,
				1AE3C3321A7F217E00197785 /* TestList.swift */,
				1A8B44F11A7F4D0700E33480 /* TestVector.swift */,
				1A8B44F31A7F4D2300E33480 /* TestHashmap.swift */,
				1A8B44FB1A7F4DD300E33480 /* TestCons.swift */,
				1AC1D9081A80C03100B36B89 /* TestFirst.swift */,
				1A5710D41A813BAE003C5181 /* TestRest.swift */,
				1A5710D71A813BDB003C5181 /* TestNext.swift */,
				1A5710D91A813BF3003C5181 /* TestSeq.swift */,
				1A0288C51A834E1400589C23 /* TestConj.swift */,
				1A5710DB1A813C2B003C5181 /* TestConcat.swift */,
				1A0B02D01A69E2FF007EF0F2 /* TestNth.swift */,
				1ACEDAA51A91D35700C6EB43 /* TestGet.swift */,
				1ACEDAA71A91D36900C6EB43 /* TestAssoc.swift */,
				1ACEDAA91A91D37200C6EB43 /* TestDissoc.swift */,
				1AEC4DA91A9B1F0100C70A27 /* TestCount.swift */,
				1A870DF21A8DD091006D9518 /* TestReduce.swift */,
				1A8B44F51A7F4D4C00E33480 /* TestSymbol.swift */,
				1A8B44F71A7F4D7400E33480 /* TestKeyword.swift */,
				1A69A59A1AC92BF500ED09B2 /* TestNamespace.swift */,
				1A15797A1A71FF290013D21B /* TestDouble.swift */,
				1A8B44F91A7F4D9C00E33480 /* TestInt.swift */,
				1A1269841A9C428100744F10 /* TestStr.swift */,
				1A03F3711AB4AF1C003233A5 /* TestSubs.swift */,
				1A423C6A1A9C5F720035E327 /* TestCaseChange.swift */,
				1A03F3731AB4AF3F003233A5 /* TestReplace.swift */,
				1A03F3751AB4AF4B003233A5 /* TestReplaceFirst.swift */,
				1AA5BF8E1AB816C1000FDF63 /* TestSbFunctions.swift */,
				1A03F3771AB4AF71003233A5 /* TestRePattern.swift */,
				1A03F3791AB4AF8D003233A5 /* TestReFirst.swift */,
				1A03F37B1AB4AFA3003233A5 /* TestReSeq.swift */,
				1A03F37D1AB4AFB0003233A5 /* TestReIterate.swift */,
				1A03F37F1AB4AFC2003233A5 /* TestReQuoteReplace.swift */,
				1A1687791A6DE49100DB26E2 /* TestQueries.swift */,
				1AEEFEED1A884F0500F682BB /* TestEquals.swift */,
				1ACEDAAC1A91D39E00C6EB43 /* TestComparisons.swift */,
				1A7AF6C81A78D811006FC934 /* TestArithmetic.swift */,
				1ACEDAAE1A91D3DE00C6EB43 /* TestIO.swift */,
				1ACEDAB21A91D40400C6EB43 /* TestReadString.swift */,
				1A1579781A6FA45B0013D21B /* TestRand.swift */,
				1ACEDAB01A91D3ED00C6EB43 /* TestEval.swift */,
			);
			name = Builtins;
			sourceTree = "<group>";
		};
		1A0B02D21A69E302007EF0F2 /* Core */ = {
			isa = PBXGroup;
			children = (
				1A7580111A7DE475000FF45D /* TestLexing.swift */,
				1A2FDF4E1A6B928800E627A2 /* TestParsing.swift */,
				1A1269861A9C51BD00744F10 /* TestDescribing.swift */,
				1A0252B81AC6411700FFBBA4 /* TestNamespaces.swift */,
				1AD78B811A86D2C200970022 /* TestScoping.swift */,
				1A1687741A6DDF4800DB26E2 /* TestEvaluating.swift */,
				1A0B02D51A69E328007EF0F2 /* TestFnPosition.swift */,
				1A2822A21A73715E004A0E35 /* TestLists.swift */,
				1A8D0C591ABE064F005FB61A /* TestLazySeqs.swift */,
			);
			name = Core;
			sourceTree = "<group>";
		};
		1A1687761A6DE1C400DB26E2 /* SpecialForms */ = {
			isa = PBXGroup;
			children = (
				1A16877B1A6F347C00DB26E2 /* TestQuote.swift */,
				1A1687771A6DE1EF00DB26E2 /* TestIf.swift */,
				1A16877E1A6F362F00DB26E2 /* TestDo.swift */,
				1AF4FC521A6F3BDD00AE218E /* TestDef.swift */,
				1A4618D81A78C91700B63550 /* TestLet.swift */,
				1A270BFE1A85EE3000B2EAFD /* TestFn.swift */,
				1AD78B831A86D71000970022 /* TestDefmacro.swift */,
				1A92A89A1A8C69A9004E0653 /* TestLoop.swift */,
				1A8288271A8C75A40092B828 /* TestRecur.swift */,
				1A57CCCC1A832708003F1E82 /* TestApply.swift */,
				1A8288291A8C7E530092B828 /* TestAttempt.swift */,
			);
			name = SpecialForms;
			sourceTree = "<group>";
		};
		1A22BCB11A25AFEE00D34872 /* reader */ = {
			isa = PBXGroup;
			children = (
				1A22BCB21A25B02A00D34872 /* lexer.swift */,
				1A22BCB41A25B02A00D34872 /* parser.swift */,
				1A22BCB31A25B02A00D34872 /* loader.swift */,
			);
			name = reader;
			sourceTree = "<group>";
		};
		1A2BA9CC1A537D7500E73A17 /* executable */ = {
			isa = PBXGroup;
			children = (
				1A2BA9D41A537E0100E73A17 /* main.swift */,
			);
			name = executable;
			sourceTree = "<group>";
		};
		1A73F0CC19F7138000F266DA = {
			isa = PBXGroup;
			children = (
				FB5016421A38B150004A2BFE /* libedit.3.0.dylib */,
				1A73F0D719F7138100F266DA /* Lambdatron */,
				1AAC2DA81A68E86E0019A5DD /* LambdatronTests */,
				1A73F0D619F7138100F266DA /* Products */,
			);
			sourceTree = "<group>";
		};
		1A73F0D619F7138100F266DA /* Products */ = {
			isa = PBXGroup;
			children = (
				1A73F0D519F7138100F266DA /* Lambdatron */,
				1AAC2DA71A68E86E0019A5DD /* LambdatronTests.xctest */,
			);
			name = Products;
			sourceTree = "<group>";
		};
		1A73F0D719F7138100F266DA /* Lambdatron */ = {
			isa = PBXGroup;
			children = (
				1A0B02C71A68F96F007EF0F2 /* interpreter.swift */,
				1AB79FEB1A89A39800F3B20D /* parameters.swift */,
				1A24D9CB19F71645003980C1 /* core.swift */,
				1A870DF01A8DC926006D9518 /* sequences.swift */,
				1AFF755E1A48D7D000F6BDD9 /* errors.swift */,
				1AFB727C1A2DAE1400A0CB69 /* evaluation.swift */,
				1A5530501A45168B00947751 /* description.swift */,
				1AF1B13F1A1B0C2400C93C60 /* readerforms.swift */,
				1ADAAD9B1A11E2FB00C2223E /* specialforms.swift */,
				1A28DF541A15B0D80036A562 /* fns.swift */,
				1A24D9D119F72588003980C1 /* context.swift */,
				1ACD33181A4500E700A75CAE /* interned.swift */,
				1A5DE9721A1D8D1400973951 /* operators.swift */,
				1A3447241AB4C4920018C46F /* auxiliary.swift */,
				1A2BA9C91A537BD300E73A17 /* util.swift */,
				1A22BCB11A25AFEE00D34872 /* reader */,
				1AC8D3081A3F633E00B72D49 /* builtin */,
				1A2BA9CC1A537D7500E73A17 /* executable */,
				1ACFB18E1A21BD6B000FB61F /* REPL */,
				1A98B10B1A1C79AA00019DB4 /* stdlib */,
			);
			path = Lambdatron;
			sourceTree = "<group>";
		};
		1A98B10B1A1C79AA00019DB4 /* stdlib */ = {
			isa = PBXGroup;
			children = (
				1A942AE01A35A94D0036BF5A /* builtin.lbt */,
				1A98B10C1A1C79F300019DB4 /* core.lbt */,
				1A8D0C211ABBF820005FB61A /* sequences.lbt */,
				1AC846BB1ABFF70300292EB4 /* higherorder.lbt */,
				1AB5D3491A3EA80F00599861 /* flow.lbt */,
				1A7D4BC51A64F97500EAF676 /* math.lbt */,
			);
			name = stdlib;
			sourceTree = "<group>";
		};
		1AAC2DA81A68E86E0019A5DD /* LambdatronTests */ = {
			isa = PBXGroup;
			children = (
				1A0B02D71A69E357007EF0F2 /* InterpreterTest.swift */,
				1AC46BB71A832E2200C83D27 /* Meta */,
				1A0B02D21A69E302007EF0F2 /* Core */,
				1A1687761A6DE1C400DB26E2 /* SpecialForms */,
				1A0B02CF1A69E2DF007EF0F2 /* Builtins */,
				1AAC2DC81A68E8E30019A5DD /* Reader */,
				1AAC2DA91A68E86E0019A5DD /* Supporting Files */,
			);
			path = LambdatronTests;
			sourceTree = "<group>";
		};
		1AAC2DA91A68E86E0019A5DD /* Supporting Files */ = {
			isa = PBXGroup;
			children = (
				1AAC2DAA1A68E86E0019A5DD /* Info.plist */,
				1A1269881A9C549D00744F10 /* rawstrings.txt */,
			);
			name = "Supporting Files";
			sourceTree = "<group>";
		};
		1AAC2DC81A68E8E30019A5DD /* Reader */ = {
			isa = PBXGroup;
			children = (
				1AAC2DCA1A68E90F0019A5DD /* TestSyntaxQuote.swift */,
			);
			name = Reader;
			sourceTree = "<group>";
		};
		1AC46BB71A832E2200C83D27 /* Meta */ = {
			isa = PBXGroup;
			children = (
				1AC46BB81A832E3E00C83D27 /* TestTestHelpers.swift */,
			);
			name = Meta;
			sourceTree = "<group>";
		};
		1AC8D3081A3F633E00B72D49 /* builtin */ = {
			isa = PBXGroup;
			children = (
				1AC8D3091A3F636800B72D49 /* builtin.swift */,
				1A2B81B21AC5207C009C76A4 /* namespaces.swift */,
				1AC8D30D1A3F63CC00B72D49 /* collections.swift */,
				1AD0C7B41A6595E000988ECD /* primitives.swift */,
				1AEBE7301A95A34200C42E77 /* strings.swift */,
				1A3447221AB4B91F0018C46F /* stringbuilder.swift */,
				1AD750351A8F463F00A4885E /* regex.swift */,
				1AC8D30F1A3F63FC00B72D49 /* querying.swift */,
				1AC8D3111A3F645E00B72D49 /* math.swift */,
				1AC8D3141A3F64C500B72D49 /* miscellaneous.swift */,
			);
			name = builtin;
			sourceTree = "<group>";
		};
		1ACFB18E1A21BD6B000FB61F /* REPL */ = {
			isa = PBXGroup;
			children = (
				FB50163D1A37E29B004A2BFE /* Lambdatron-Bridging-Header.h */,
				FB5016401A37E4A4004A2BFE /* LineReader.h */,
				FB50163E1A37E29C004A2BFE /* LineReader.m */,
				1ACFB1931A256008000FB61F /* repl.swift */,
				1ACFB1911A21C011000FB61F /* logging.swift */,
				1ACFB18F1A21BD82000FB61F /* commands.swift */,
			);
			name = REPL;
			sourceTree = "<group>";
		};
/* End PBXGroup section */

/* Begin PBXNativeTarget section */
		1A73F0D419F7138100F266DA /* Lambdatron */ = {
			isa = PBXNativeTarget;
			buildConfigurationList = 1A73F0DC19F7138100F266DA /* Build configuration list for PBXNativeTarget "Lambdatron" */;
			buildPhases = (
				1A73F0D119F7138100F266DA /* Sources */,
				1A73F0D219F7138100F266DA /* Frameworks */,
				1A98B1111A1C83E100019DB4 /* Resources */,
				1A98B1131A1C84C800019DB4 /* CopyFiles */,
			);
			buildRules = (
			);
			dependencies = (
			);
			name = Lambdatron;
			productName = Lambdatron;
			productReference = 1A73F0D519F7138100F266DA /* Lambdatron */;
			productType = "com.apple.product-type.tool";
		};
		1AAC2DA61A68E86E0019A5DD /* LambdatronTests */ = {
			isa = PBXNativeTarget;
			buildConfigurationList = 1AAC2DAF1A68E86E0019A5DD /* Build configuration list for PBXNativeTarget "LambdatronTests" */;
			buildPhases = (
				1AAC2DA31A68E86E0019A5DD /* Sources */,
				1AAC2DA41A68E86E0019A5DD /* Frameworks */,
				1AAC2DA51A68E86E0019A5DD /* Resources */,
			);
			buildRules = (
			);
			dependencies = (
			);
			name = LambdatronTests;
			productName = LambdatronTests;
			productReference = 1AAC2DA71A68E86E0019A5DD /* LambdatronTests.xctest */;
			productType = "com.apple.product-type.bundle.unit-test";
		};
/* End PBXNativeTarget section */

/* Begin PBXProject section */
		1A73F0CD19F7138000F266DA /* Project object */ = {
			isa = PBXProject;
			attributes = {
				LastUpgradeCheck = 0610;
				ORGANIZATIONNAME = "Austin Zheng";
				TargetAttributes = {
					1A73F0D419F7138100F266DA = {
						CreatedOnToolsVersion = 6.1;
					};
					1AAC2DA61A68E86E0019A5DD = {
						CreatedOnToolsVersion = 6.1.1;
					};
				};
			};
			buildConfigurationList = 1A73F0D019F7138100F266DA /* Build configuration list for PBXProject "Lambdatron" */;
			compatibilityVersion = "Xcode 3.2";
			developmentRegion = English;
			hasScannedForEncodings = 0;
			knownRegions = (
				en,
			);
			mainGroup = 1A73F0CC19F7138000F266DA;
			productRefGroup = 1A73F0D619F7138100F266DA /* Products */;
			projectDirPath = "";
			projectRoot = "";
			targets = (
				1A73F0D419F7138100F266DA /* Lambdatron */,
				1AAC2DA61A68E86E0019A5DD /* LambdatronTests */,
			);
		};
/* End PBXProject section */

/* Begin PBXResourcesBuildPhase section */
		1A98B1111A1C83E100019DB4 /* Resources */ = {
			isa = PBXResourcesBuildPhase;
			buildActionMask = 2147483647;
			files = (
				1A942AE11A35A94D0036BF5A /* builtin.lbt in Resources */,
				1A98B1121A1C83E700019DB4 /* core.lbt in Resources */,
				1AC846BC1ABFF70300292EB4 /* higherorder.lbt in Resources */,
				1A8D0C221ABBF820005FB61A /* sequences.lbt in Resources */,
				1A7D4BC61A64F97500EAF676 /* math.lbt in Resources */,
				1AB5D34A1A3EA80F00599861 /* flow.lbt in Resources */,
			);
			runOnlyForDeploymentPostprocessing = 0;
		};
		1AAC2DA51A68E86E0019A5DD /* Resources */ = {
			isa = PBXResourcesBuildPhase;
			buildActionMask = 2147483647;
			files = (
				1A1269891A9C549D00744F10 /* rawstrings.txt in Resources */,
			);
			runOnlyForDeploymentPostprocessing = 0;
		};
/* End PBXResourcesBuildPhase section */

/* Begin PBXSourcesBuildPhase section */
		1A73F0D119F7138100F266DA /* Sources */ = {
			isa = PBXSourcesBuildPhase;
			buildActionMask = 2147483647;
			files = (
				1ACD33191A4500E700A75CAE /* interned.swift in Sources */,
				1ADAAD9C1A11E2FB00C2223E /* specialforms.swift in Sources */,
				1A0B02C81A68F96F007EF0F2 /* interpreter.swift in Sources */,
				1AC8D30A1A3F636800B72D49 /* builtin.swift in Sources */,
				1AD750361A8F463F00A4885E /* regex.swift in Sources */,
				1A5DE9731A1D8D1400973951 /* operators.swift in Sources */,
				1A22BCB71A25B02A00D34872 /* parser.swift in Sources */,
				1A22BCB51A25B02A00D34872 /* lexer.swift in Sources */,
				1AC8D3121A3F645E00B72D49 /* math.swift in Sources */,
				1AF1B1401A1B0C2400C93C60 /* readerforms.swift in Sources */,
				1A24D9D219F72588003980C1 /* context.swift in Sources */,
				1A3447231AB4B91F0018C46F /* stringbuilder.swift in Sources */,
				1A2BA9D61A537E0100E73A17 /* main.swift in Sources */,
				1A24D9CC19F71645003980C1 /* core.swift in Sources */,
				1A2BA9CA1A537BD300E73A17 /* util.swift in Sources */,
				1A28DF551A15B0D80036A562 /* fns.swift in Sources */,
				1AC8D3151A3F64C500B72D49 /* miscellaneous.swift in Sources */,
				1ACFB1941A256008000FB61F /* repl.swift in Sources */,
				1AC8D3101A3F63FC00B72D49 /* querying.swift in Sources */,
				1ACFB1921A21C011000FB61F /* logging.swift in Sources */,
				1AD0C7B51A6595E000988ECD /* primitives.swift in Sources */,
				1A5530511A45168B00947751 /* description.swift in Sources */,
				1AFB727D1A2DAE1400A0CB69 /* evaluation.swift in Sources */,
				FB50163F1A37E29C004A2BFE /* LineReader.m in Sources */,
				1AFF755F1A48D7D000F6BDD9 /* errors.swift in Sources */,
				1ACFB1901A21BD82000FB61F /* commands.swift in Sources */,
				1A3447251AB4C4920018C46F /* auxiliary.swift in Sources */,
				1A22BCB61A25B02A00D34872 /* loader.swift in Sources */,
				1AEBE7311A95A34200C42E77 /* strings.swift in Sources */,
				1AC8D30E1A3F63CC00B72D49 /* collections.swift in Sources */,
				1AB79FEC1A89A39800F3B20D /* parameters.swift in Sources */,
				1A870DF11A8DC926006D9518 /* sequences.swift in Sources */,
				1A2B81B31AC5207C009C76A4 /* namespaces.swift in Sources */,
			);
			runOnlyForDeploymentPostprocessing = 0;
		};
		1AAC2DA31A68E86E0019A5DD /* Sources */ = {
			isa = PBXSourcesBuildPhase;
			buildActionMask = 2147483647;
			files = (
				1A2822A31A73715E004A0E35 /* TestLists.swift in Sources */,
				1ACEDAA81A91D36900C6EB43 /* TestAssoc.swift in Sources */,
				1A03F3741AB4AF3F003233A5 /* TestReplace.swift in Sources */,
				1AAC2DB01A68E8780019A5DD /* core.swift in Sources */,
				1AAC2DB91A68E8780019A5DD /* context.swift in Sources */,
				1AC46BB91A832E3E00C83D27 /* TestTestHelpers.swift in Sources */,
				1A16877A1A6DE49100DB26E2 /* TestQueries.swift in Sources */,
				1A03F37E1AB4AFB0003233A5 /* TestReIterate.swift in Sources */,
				1AAC2DBA1A68E8780019A5DD /* interned.swift in Sources */,
				1ACEDAAF1A91D3DE00C6EB43 /* TestIO.swift in Sources */,
				1A03F37A1AB4AF8D003233A5 /* TestReFirst.swift in Sources */,
				1AAC2DC21A68E8860019A5DD /* primitives.swift in Sources */,
				1AA5BF8F1AB816C1000FDF63 /* TestSbFunctions.swift in Sources */,
				1A15797B1A71FF290013D21B /* TestDouble.swift in Sources */,
				1A5710D51A813BAE003C5181 /* TestRest.swift in Sources */,
				1AAC2DC11A68E8860019A5DD /* collections.swift in Sources */,
				1AAC2DCB1A68E90F0019A5DD /* TestSyntaxQuote.swift in Sources */,
				1A69A59F1ACA859400ED09B2 /* TestNsBasics.swift in Sources */,
				1A3447271AB662A30018C46F /* stringbuilder.swift in Sources */,
				1A270BFF1A85EE3000B2EAFD /* TestFn.swift in Sources */,
				1A0252B91AC6411700FFBBA4 /* TestNamespaces.swift in Sources */,
				1A5710D81A813BDB003C5181 /* TestNext.swift in Sources */,
				1A03F3781AB4AF71003233A5 /* TestRePattern.swift in Sources */,
				1AAC2DC01A68E8860019A5DD /* builtin.swift in Sources */,
				1A1269851A9C428100744F10 /* TestStr.swift in Sources */,
				1AD78B841A86D71000970022 /* TestDefmacro.swift in Sources */,
				1AB79FED1A89B26C00F3B20D /* parameters.swift in Sources */,
				1A0B02C91A6901AE007EF0F2 /* interpreter.swift in Sources */,
				1AAC2DC41A68E8860019A5DD /* math.swift in Sources */,
				1AAC2DBE1A68E8830019A5DD /* parser.swift in Sources */,
				1AD78B821A86D2C200970022 /* TestScoping.swift in Sources */,
				1A8B44F21A7F4D0700E33480 /* TestVector.swift in Sources */,
				1AAC2DC31A68E8860019A5DD /* querying.swift in Sources */,
				1AAC2DBF1A68E8830019A5DD /* loader.swift in Sources */,
				1A16877F1A6F362F00DB26E2 /* TestDo.swift in Sources */,
				1ACEDAA61A91D35700C6EB43 /* TestGet.swift in Sources */,
				1A0B02D61A69E328007EF0F2 /* TestFnPosition.swift in Sources */,
				1AEBE7321A95CF4E00C42E77 /* strings.swift in Sources */,
				1AF4FC531A6F3BDD00AE218E /* TestDef.swift in Sources */,
				1A7580121A7DE475000FF45D /* TestLexing.swift in Sources */,
				1A1579791A6FA45B0013D21B /* TestRand.swift in Sources */,
				1A0B02D11A69E2FF007EF0F2 /* TestNth.swift in Sources */,
				1A92A89B1A8C69A9004E0653 /* TestLoop.swift in Sources */,
				1A2FDF4F1A6B928800E627A2 /* TestParsing.swift in Sources */,
				1A03F3761AB4AF4B003233A5 /* TestReplaceFirst.swift in Sources */,
				1A8D0C5A1ABE064F005FB61A /* TestLazySeqs.swift in Sources */,
				1A1687751A6DDF4800DB26E2 /* TestEvaluating.swift in Sources */,
				1ACEDAAD1A91D39E00C6EB43 /* TestComparisons.swift in Sources */,
				1A03F3721AB4AF1C003233A5 /* TestSubs.swift in Sources */,
				1A7AF6C91A78D811006FC934 /* TestArithmetic.swift in Sources */,
				1A1687781A6DE1EF00DB26E2 /* TestIf.swift in Sources */,
				1A870DF31A8DD091006D9518 /* TestReduce.swift in Sources */,
				1A1269871A9C51BD00744F10 /* TestDescribing.swift in Sources */,
				1A0288C61A834E1400589C23 /* TestConj.swift in Sources */,
				1AAC2DC51A68E8860019A5DD /* miscellaneous.swift in Sources */,
				1ACEDAB41A931FD300C6EB43 /* regex.swift in Sources */,
				1A69A59D1ACA606100ED09B2 /* TestNsAliasRelated.swift in Sources */,
				1ACEDAB11A91D3ED00C6EB43 /* TestEval.swift in Sources */,
				1A3447261AB662900018C46F /* auxiliary.swift in Sources */,
				1A8B44FA1A7F4D9C00E33480 /* TestInt.swift in Sources */,
				1A82882A1A8C7E530092B828 /* TestAttempt.swift in Sources */,
				1A8B44F41A7F4D2300E33480 /* TestHashmap.swift in Sources */,
				1A03F37C1AB4AFA3003233A5 /* TestReSeq.swift in Sources */,
				1AEC4DAA1A9B1F0100C70A27 /* TestCount.swift in Sources */,
				1AAC2DB51A68E8780019A5DD /* specialforms.swift in Sources */,
				1ACEDAAA1A91D37200C6EB43 /* TestDissoc.swift in Sources */,
				1A0B02D81A69E357007EF0F2 /* InterpreterTest.swift in Sources */,
				1AAC2DB31A68E8780019A5DD /* description.swift in Sources */,
				1A69A59B1AC92BF500ED09B2 /* TestNamespace.swift in Sources */,
				1A5710DC1A813C2B003C5181 /* TestConcat.swift in Sources */,
				1AAC2DBC1A68E8780019A5DD /* util.swift in Sources */,
				1A0252B71AC639D600FFBBA4 /* namespaces.swift in Sources */,
				1ACEDAB31A91D40400C6EB43 /* TestReadString.swift in Sources */,
				1A8288281A8C75A40092B828 /* TestRecur.swift in Sources */,
				1AAC2DB11A68E8780019A5DD /* errors.swift in Sources */,
				1A8B44F61A7F4D4C00E33480 /* TestSymbol.swift in Sources */,
				1A8B44FC1A7F4DD300E33480 /* TestCons.swift in Sources */,
				1A57CCCD1A832708003F1E82 /* TestApply.swift in Sources */,
				1A03F3801AB4AFC2003233A5 /* TestReQuoteReplace.swift in Sources */,
				1A69A5A11ACA8F9900ED09B2 /* TestNsReferRelated.swift in Sources */,
				1A5710DA1A813BF3003C5181 /* TestSeq.swift in Sources */,
				1AAC2DBB1A68E8780019A5DD /* operators.swift in Sources */,
				1AAC2DB71A68E8780019A5DD /* fns.swift in Sources */,
				1A4618D91A78C91700B63550 /* TestLet.swift in Sources */,
				1AC1D9091A80C03100B36B89 /* TestFirst.swift in Sources */,
				1A16877C1A6F347C00DB26E2 /* TestQuote.swift in Sources */,
				1AAC2DB41A68E8780019A5DD /* readerforms.swift in Sources */,
				1AEEFEEE1A884F0500F682BB /* TestEquals.swift in Sources */,
				1AAC2DB21A68E8780019A5DD /* evaluation.swift in Sources */,
				1A870DF41A8DD25E006D9518 /* sequences.swift in Sources */,
				1A8B44F81A7F4D7400E33480 /* TestKeyword.swift in Sources */,
				1AAC2DBD1A68E8830019A5DD /* lexer.swift in Sources */,
				1AE3C3331A7F217E00197785 /* TestList.swift in Sources */,
				1A423C6B1A9C5F720035E327 /* TestCaseChange.swift in Sources */,
			);
			runOnlyForDeploymentPostprocessing = 0;
		};
/* End PBXSourcesBuildPhase section */

/* Begin XCBuildConfiguration section */
		1A73F0DA19F7138100F266DA /* Debug */ = {
			isa = XCBuildConfiguration;
			buildSettings = {
				ALWAYS_SEARCH_USER_PATHS = NO;
				CLANG_CXX_LANGUAGE_STANDARD = "gnu++0x";
				CLANG_CXX_LIBRARY = "libc++";
				CLANG_ENABLE_MODULES = YES;
				CLANG_ENABLE_OBJC_ARC = YES;
				CLANG_WARN_BOOL_CONVERSION = YES;
				CLANG_WARN_CONSTANT_CONVERSION = YES;
				CLANG_WARN_DIRECT_OBJC_ISA_USAGE = YES_ERROR;
				CLANG_WARN_EMPTY_BODY = YES;
				CLANG_WARN_ENUM_CONVERSION = YES;
				CLANG_WARN_INT_CONVERSION = YES;
				CLANG_WARN_OBJC_ROOT_CLASS = YES_ERROR;
				CLANG_WARN_UNREACHABLE_CODE = YES;
				CLANG_WARN__DUPLICATE_METHOD_MATCH = YES;
				COPY_PHASE_STRIP = NO;
				ENABLE_STRICT_OBJC_MSGSEND = YES;
				GCC_C_LANGUAGE_STANDARD = gnu99;
				GCC_DYNAMIC_NO_PIC = NO;
				GCC_OPTIMIZATION_LEVEL = 0;
				GCC_PREPROCESSOR_DEFINITIONS = (
					"DEBUG=1",
					"$(inherited)",
				);
				GCC_SYMBOLS_PRIVATE_EXTERN = NO;
				GCC_WARN_64_TO_32_BIT_CONVERSION = YES;
				GCC_WARN_ABOUT_RETURN_TYPE = YES_ERROR;
				GCC_WARN_UNDECLARED_SELECTOR = YES;
				GCC_WARN_UNINITIALIZED_AUTOS = YES_AGGRESSIVE;
				GCC_WARN_UNUSED_FUNCTION = YES;
				GCC_WARN_UNUSED_VARIABLE = YES;
				MACOSX_DEPLOYMENT_TARGET = 10.9;
				MTL_ENABLE_DEBUG_INFO = YES;
				ONLY_ACTIVE_ARCH = YES;
				SDKROOT = macosx;
				SWIFT_OPTIMIZATION_LEVEL = "-Onone";
			};
			name = Debug;
		};
		1A73F0DB19F7138100F266DA /* Release */ = {
			isa = XCBuildConfiguration;
			buildSettings = {
				ALWAYS_SEARCH_USER_PATHS = NO;
				CLANG_CXX_LANGUAGE_STANDARD = "gnu++0x";
				CLANG_CXX_LIBRARY = "libc++";
				CLANG_ENABLE_MODULES = YES;
				CLANG_ENABLE_OBJC_ARC = YES;
				CLANG_WARN_BOOL_CONVERSION = YES;
				CLANG_WARN_CONSTANT_CONVERSION = YES;
				CLANG_WARN_DIRECT_OBJC_ISA_USAGE = YES_ERROR;
				CLANG_WARN_EMPTY_BODY = YES;
				CLANG_WARN_ENUM_CONVERSION = YES;
				CLANG_WARN_INT_CONVERSION = YES;
				CLANG_WARN_OBJC_ROOT_CLASS = YES_ERROR;
				CLANG_WARN_UNREACHABLE_CODE = YES;
				CLANG_WARN__DUPLICATE_METHOD_MATCH = YES;
				COPY_PHASE_STRIP = YES;
				DEBUG_INFORMATION_FORMAT = "dwarf-with-dsym";
				ENABLE_NS_ASSERTIONS = NO;
				ENABLE_STRICT_OBJC_MSGSEND = YES;
				GCC_C_LANGUAGE_STANDARD = gnu99;
				GCC_WARN_64_TO_32_BIT_CONVERSION = YES;
				GCC_WARN_ABOUT_RETURN_TYPE = YES_ERROR;
				GCC_WARN_UNDECLARED_SELECTOR = YES;
				GCC_WARN_UNINITIALIZED_AUTOS = YES_AGGRESSIVE;
				GCC_WARN_UNUSED_FUNCTION = YES;
				GCC_WARN_UNUSED_VARIABLE = YES;
				MACOSX_DEPLOYMENT_TARGET = 10.9;
				MTL_ENABLE_DEBUG_INFO = NO;
				ONLY_ACTIVE_ARCH = YES;
				SDKROOT = macosx;
			};
			name = Release;
		};
		1A73F0DD19F7138100F266DA /* Debug */ = {
			isa = XCBuildConfiguration;
			buildSettings = {
				CLANG_ENABLE_MODULES = YES;
				LD_RUNPATH_SEARCH_PATHS = "$(inherited) @executable_path/../Frameworks @loader_path/../Frameworks";
				MACOSX_DEPLOYMENT_TARGET = 10.9;
				PRODUCT_NAME = "$(TARGET_NAME)";
				SDKROOT = macosx;
				STRIP_INSTALLED_PRODUCT = YES;
				SWIFT_OBJC_BRIDGING_HEADER = "Lambdatron/Lambdatron-Bridging-Header.h";
				SWIFT_OPTIMIZATION_LEVEL = "-Onone";
			};
			name = Debug;
		};
		1A73F0DE19F7138100F266DA /* Release */ = {
			isa = XCBuildConfiguration;
			buildSettings = {
				CLANG_ENABLE_MODULES = YES;
				LD_RUNPATH_SEARCH_PATHS = "$(inherited) @executable_path/../Frameworks @loader_path/../Frameworks";
				MACOSX_DEPLOYMENT_TARGET = 10.9;
				PRODUCT_NAME = "$(TARGET_NAME)";
				SDKROOT = macosx;
				STRIP_INSTALLED_PRODUCT = YES;
				SWIFT_OBJC_BRIDGING_HEADER = "Lambdatron/Lambdatron-Bridging-Header.h";
			};
			name = Release;
		};
		1AAC2DAD1A68E86E0019A5DD /* Debug */ = {
			isa = XCBuildConfiguration;
			buildSettings = {
				COMBINE_HIDPI_IMAGES = YES;
				FRAMEWORK_SEARCH_PATHS = (
					"$(DEVELOPER_FRAMEWORKS_DIR)",
					"$(inherited)",
				);
				GCC_PREPROCESSOR_DEFINITIONS = (
					"DEBUG=1",
					"$(inherited)",
				);
				INFOPLIST_FILE = LambdatronTests/Info.plist;
				LD_RUNPATH_SEARCH_PATHS = "$(inherited) @executable_path/../Frameworks @loader_path/../Frameworks";
				MACOSX_DEPLOYMENT_TARGET = 10.9;
				PRODUCT_NAME = "$(TARGET_NAME)";
				SDKROOT = macosx;
			};
			name = Debug;
		};
		1AAC2DAE1A68E86E0019A5DD /* Release */ = {
			isa = XCBuildConfiguration;
			buildSettings = {
				COMBINE_HIDPI_IMAGES = YES;
				FRAMEWORK_SEARCH_PATHS = (
					"$(DEVELOPER_FRAMEWORKS_DIR)",
					"$(inherited)",
				);
				INFOPLIST_FILE = LambdatronTests/Info.plist;
				LD_RUNPATH_SEARCH_PATHS = "$(inherited) @executable_path/../Frameworks @loader_path/../Frameworks";
				MACOSX_DEPLOYMENT_TARGET = 10.9;
				PRODUCT_NAME = "$(TARGET_NAME)";
				SDKROOT = macosx;
			};
			name = Release;
		};
/* End XCBuildConfiguration section */

/* Begin XCConfigurationList section */
		1A73F0D019F7138100F266DA /* Build configuration list for PBXProject "Lambdatron" */ = {
			isa = XCConfigurationList;
			buildConfigurations = (
				1A73F0DA19F7138100F266DA /* Debug */,
				1A73F0DB19F7138100F266DA /* Release */,
			);
			defaultConfigurationIsVisible = 0;
			defaultConfigurationName = Release;
		};
		1A73F0DC19F7138100F266DA /* Build configuration list for PBXNativeTarget "Lambdatron" */ = {
			isa = XCConfigurationList;
			buildConfigurations = (
				1A73F0DD19F7138100F266DA /* Debug */,
				1A73F0DE19F7138100F266DA /* Release */,
			);
			defaultConfigurationIsVisible = 0;
			defaultConfigurationName = Release;
		};
		1AAC2DAF1A68E86E0019A5DD /* Build configuration list for PBXNativeTarget "LambdatronTests" */ = {
			isa = XCConfigurationList;
			buildConfigurations = (
				1AAC2DAD1A68E86E0019A5DD /* Debug */,
				1AAC2DAE1A68E86E0019A5DD /* Release */,
			);
			defaultConfigurationIsVisible = 0;
			defaultConfigurationName = Release;
		};
/* End XCConfigurationList section */
	};
	rootObject = 1A73F0CD19F7138000F266DA /* Project object */;
}
